// !$*UTF8*$!
{
	archiveVersion = 1;
	classes = {
	};
	objectVersion = 45;
	objects = {

/* Begin PBXAggregateTarget section */
		F9246C460E31BEFE004ADF93 /* Build All */ = {
			isa = PBXAggregateTarget;
			buildConfigurationList = F9246C560E31BF20004ADF93 /* Build configuration list for PBXAggregateTarget "Build All" */;
			buildPhases = (
			);
			dependencies = (
				F9246C4A0E31BF08004ADF93 /* PBXTargetDependency */,
				F9246C4C0E31BF0A004ADF93 /* PBXTargetDependency */,
				F9246C4E0E31BF0C004ADF93 /* PBXTargetDependency */,
				F9246C500E31BF0E004ADF93 /* PBXTargetDependency */,
				F9246C600E31BF61004ADF93 /* PBXTargetDependency */,
				F9246C520E31BF11004ADF93 /* PBXTargetDependency */,
			);
			name = "Build All";
			productName = "Build All";
		};
/* End PBXAggregateTarget section */

/* Begin PBXBuildFile section */
		8DD76F9A0486AA7600D96B5E /* main.m in Sources */ = {isa = PBXBuildFile; fileRef = 08FB7796FE84155DC02AAC07 /* main.m */; settings = {ATTRIBUTES = (); }; };
		8DD76F9C0486AA7600D96B5E /* Foundation.framework in Frameworks */ = {isa = PBXBuildFile; fileRef = 08FB779EFE84155DC02AAC07 /* Foundation.framework */; };
		F9217E500E258D6B007CB1A3 /* Security.framework in Frameworks */ = {isa = PBXBuildFile; fileRef = F9041AE40E25397800886258 /* Security.framework */; };
		F9217E510E258D6B007CB1A3 /* CoreServices.framework in Frameworks */ = {isa = PBXBuildFile; fileRef = F95A05260E25328100A22FA6 /* CoreServices.framework */; };
		F9217E520E258D6B007CB1A3 /* Carbon.framework in Frameworks */ = {isa = PBXBuildFile; fileRef = F95A05210E25327300A22FA6 /* Carbon.framework */; };
		F9217E530E258D6B007CB1A3 /* Foundation.framework in Frameworks */ = {isa = PBXBuildFile; fileRef = 08FB779EFE84155DC02AAC07 /* Foundation.framework */; };
		F9217E540E258D7C007CB1A3 /* Keystone.framework in Frameworks */ = {isa = PBXBuildFile; fileRef = F9217A910E258B72007CB1A3 /* Keystone.framework */; };
		F9217E6D0E258F14007CB1A3 /* ksurl in Resources */ = {isa = PBXBuildFile; fileRef = F9217E650E258EDE007CB1A3 /* ksurl */; };
		F9217E720E258F46007CB1A3 /* Foundation.framework in Frameworks */ = {isa = PBXBuildFile; fileRef = 08FB779EFE84155DC02AAC07 /* Foundation.framework */; };
		F92468FF0E3164AA004ADF93 /* SignerTest.m in Sources */ = {isa = PBXBuildFile; fileRef = F92468FE0E316468004ADF93 /* SignerTest.m */; };
		F92469060E3164B8004ADF93 /* Keystone.framework in Frameworks */ = {isa = PBXBuildFile; fileRef = F9217A910E258B72007CB1A3 /* Keystone.framework */; };
		F92469080E3164D4004ADF93 /* Signer.m in Sources */ = {isa = PBXBuildFile; fileRef = F92468FC0E316468004ADF93 /* Signer.m */; };
		F924691D0E31689E004ADF93 /* Foundation.framework in Frameworks */ = {isa = PBXBuildFile; fileRef = 08FB779EFE84155DC02AAC07 /* Foundation.framework */; };
		F92469A80E316B5A004ADF93 /* SignedPlistServerTest.m in Sources */ = {isa = PBXBuildFile; fileRef = F92469A70E316B5A004ADF93 /* SignedPlistServerTest.m */; };
		F9246A5D0E319CE3004ADF93 /* plist_signer.m in Sources */ = {isa = PBXBuildFile; fileRef = F9246A1B0E3199E3004ADF93 /* plist_signer.m */; };
		F9246A5E0E319CEA004ADF93 /* Foundation.framework in Frameworks */ = {isa = PBXBuildFile; fileRef = 08FB779EFE84155DC02AAC07 /* Foundation.framework */; };
		F9246A730E319DF4004ADF93 /* Signer.m in Sources */ = {isa = PBXBuildFile; fileRef = F92468FC0E316468004ADF93 /* Signer.m */; };
		F9246AB40E31A855004ADF93 /* PlistSigner.m in Sources */ = {isa = PBXBuildFile; fileRef = F9246AAF0E31A5DC004ADF93 /* PlistSigner.m */; };
		F9246AB50E31A856004ADF93 /* PlistSigner.m in Sources */ = {isa = PBXBuildFile; fileRef = F9246AAF0E31A5DC004ADF93 /* PlistSigner.m */; };
		F9246AB70E31A861004ADF93 /* PlistSignerTest.m in Sources */ = {isa = PBXBuildFile; fileRef = F9246AB10E31A681004ADF93 /* PlistSignerTest.m */; };
		F9246CA10E3260B9004ADF93 /* KeystoneDelegateTest.m in Sources */ = {isa = PBXBuildFile; fileRef = F9246CA00E3260B9004ADF93 /* KeystoneDelegateTest.m */; };
		F9246CA60E3261CB004ADF93 /* UpdatePrinterTest.m in Sources */ = {isa = PBXBuildFile; fileRef = F9246CA50E3261CB004ADF93 /* UpdatePrinterTest.m */; };
		F92F430F0E2E8DAE0049713E /* KSDiskImage.m in Sources */ = {isa = PBXBuildFile; fileRef = F92F42C90E2E8DAE0049713E /* KSDiskImage.m */; };
		F92F43100E2E8DAE0049713E /* KSStatsCollection.m in Sources */ = {isa = PBXBuildFile; fileRef = F92F42CB0E2E8DAE0049713E /* KSStatsCollection.m */; };
		F92F43110E2E8DAE0049713E /* KSUUID.m in Sources */ = {isa = PBXBuildFile; fileRef = F92F42CD0E2E8DAE0049713E /* KSUUID.m */; };
		F92F43120E2E8DAE0049713E /* NSData+Hash.m in Sources */ = {isa = PBXBuildFile; fileRef = F92F42CF0E2E8DAE0049713E /* NSData+Hash.m */; };
		F92F43130E2E8DAE0049713E /* KSAction.m in Sources */ = {isa = PBXBuildFile; fileRef = F92F42D20E2E8DAE0049713E /* KSAction.m */; };
		F92F43140E2E8DAE0049713E /* KSActionPipe.m in Sources */ = {isa = PBXBuildFile; fileRef = F92F42D40E2E8DAE0049713E /* KSActionPipe.m */; };
		F92F43150E2E8DAE0049713E /* KSActionProcessor.m in Sources */ = {isa = PBXBuildFile; fileRef = F92F42D60E2E8DAE0049713E /* KSActionProcessor.m */; };
		F92F43160E2E8DAE0049713E /* KSCheckAction.m in Sources */ = {isa = PBXBuildFile; fileRef = F92F42D80E2E8DAE0049713E /* KSCheckAction.m */; };
		F92F43170E2E8DAE0049713E /* KSCommandRunner.m in Sources */ = {isa = PBXBuildFile; fileRef = F92F42DA0E2E8DAE0049713E /* KSCommandRunner.m */; };
		F92F43180E2E8DAE0049713E /* KSCompositeAction.m in Sources */ = {isa = PBXBuildFile; fileRef = F92F42DC0E2E8DAE0049713E /* KSCompositeAction.m */; };
		F92F43190E2E8DAE0049713E /* KSDownloadAction.m in Sources */ = {isa = PBXBuildFile; fileRef = F92F42DE0E2E8DAE0049713E /* KSDownloadAction.m */; };
		F92F431A0E2E8DAE0049713E /* KSExistenceChecker.m in Sources */ = {isa = PBXBuildFile; fileRef = F92F42E00E2E8DAE0049713E /* KSExistenceChecker.m */; };
		F92F431B0E2E8DAE0049713E /* KSFetcherFactory.m in Sources */ = {isa = PBXBuildFile; fileRef = F92F42E20E2E8DAE0049713E /* KSFetcherFactory.m */; };
		F92F431C0E2E8DAE0049713E /* KSFrameworkStats.m in Sources */ = {isa = PBXBuildFile; fileRef = F92F42E40E2E8DAE0049713E /* KSFrameworkStats.m */; };
		F92F431D0E2E8DAE0049713E /* KSInstallAction.m in Sources */ = {isa = PBXBuildFile; fileRef = F92F42E60E2E8DAE0049713E /* KSInstallAction.m */; };
		F92F431E0E2E8DAE0049713E /* KSKeystone.m in Sources */ = {isa = PBXBuildFile; fileRef = F92F42E80E2E8DAE0049713E /* KSKeystone.m */; };
		F92F431F0E2E8DAE0049713E /* KSKeystoneBroker.m in Sources */ = {isa = PBXBuildFile; fileRef = F92F42EA0E2E8DAE0049713E /* KSKeystoneBroker.m */; };
		F92F43200E2E8DAE0049713E /* KSKeystoneVendor.m in Sources */ = {isa = PBXBuildFile; fileRef = F92F42ED0E2E8DAE0049713E /* KSKeystoneVendor.m */; };
		F92F43210E2E8DAE0049713E /* KSMemoryTicketStore.m in Sources */ = {isa = PBXBuildFile; fileRef = F92F42EF0E2E8DAE0049713E /* KSMemoryTicketStore.m */; };
		F92F43220E2E8DAE0049713E /* KSMockFetcherFactory.m in Sources */ = {isa = PBXBuildFile; fileRef = F92F42F10E2E8DAE0049713E /* KSMockFetcherFactory.m */; };
		F92F43230E2E8DAE0049713E /* KSMultiAction.m in Sources */ = {isa = PBXBuildFile; fileRef = F92F42F30E2E8DAE0049713E /* KSMultiAction.m */; };
		F92F43240E2E8DAE0049713E /* KSMultiUpdateAction.m in Sources */ = {isa = PBXBuildFile; fileRef = F92F42F50E2E8DAE0049713E /* KSMultiUpdateAction.m */; };
		F92F43250E2E8DAE0049713E /* KSPlistServer.m in Sources */ = {isa = PBXBuildFile; fileRef = F92F42F70E2E8DAE0049713E /* KSPlistServer.m */; };
		F92F43260E2E8DAE0049713E /* KSPrefetchAction.m in Sources */ = {isa = PBXBuildFile; fileRef = F92F42F90E2E8DAE0049713E /* KSPrefetchAction.m */; };
		F92F43270E2E8DAE0049713E /* KSPromptAction.m in Sources */ = {isa = PBXBuildFile; fileRef = F92F42FB0E2E8DAE0049713E /* KSPromptAction.m */; };
		F92F43280E2E8DAE0049713E /* KSServer.m in Sources */ = {isa = PBXBuildFile; fileRef = F92F42FD0E2E8DAE0049713E /* KSServer.m */; };
		F92F43290E2E8DAE0049713E /* KSSilentUpdateAction.m in Sources */ = {isa = PBXBuildFile; fileRef = F92F42FF0E2E8DAE0049713E /* KSSilentUpdateAction.m */; };
		F92F432A0E2E8DAE0049713E /* KSTicket.m in Sources */ = {isa = PBXBuildFile; fileRef = F92F43010E2E8DAE0049713E /* KSTicket.m */; };
		F92F432B0E2E8DAE0049713E /* KSTicketStore.m in Sources */ = {isa = PBXBuildFile; fileRef = F92F43030E2E8DAE0049713E /* KSTicketStore.m */; };
		F92F432C0E2E8DAE0049713E /* KSUpdateAction.m in Sources */ = {isa = PBXBuildFile; fileRef = F92F43050E2E8DAE0049713E /* KSUpdateAction.m */; };
		F92F432D0E2E8DAE0049713E /* KSUpdateCheckAction.m in Sources */ = {isa = PBXBuildFile; fileRef = F92F43070E2E8DAE0049713E /* KSUpdateCheckAction.m */; };
		F92F432E0E2E8DAE0049713E /* KSUpdateInfo.m in Sources */ = {isa = PBXBuildFile; fileRef = F92F43090E2E8DAE0049713E /* KSUpdateInfo.m */; };
		F92F432F0E2E8DAE0049713E /* GMLogger.m in Sources */ = {isa = PBXBuildFile; fileRef = F92F430D0E2E8DAE0049713E /* GMLogger.m */; };
		F954BEE80E2D525000E776EB /* GTMMethodCheck.m in Sources */ = {isa = PBXBuildFile; fileRef = F954BEC60E2D525000E776EB /* GTMMethodCheck.m */; };
		F954BF0E0E2D52AE00E776EB /* GTMBase64.m in Sources */ = {isa = PBXBuildFile; fileRef = F954BF060E2D52AE00E776EB /* GTMBase64.m */; };
		F954BF0F0E2D52AE00E776EB /* GTMHTTPFetcher.m in Sources */ = {isa = PBXBuildFile; fileRef = F954BF090E2D52AE00E776EB /* GTMHTTPFetcher.m */; };
		F954BF100E2D52AE00E776EB /* GTMNSString+FindFolder.m in Sources */ = {isa = PBXBuildFile; fileRef = F954BF0B0E2D52AE00E776EB /* GTMNSString+FindFolder.m */; };
		F954BF110E2D52AE00E776EB /* GTMPath.m in Sources */ = {isa = PBXBuildFile; fileRef = F954BF0D0E2D52AE00E776EB /* GTMPath.m */; };
		F954BF910E2D548A00E776EB /* IOKit.framework in Frameworks */ = {isa = PBXBuildFile; fileRef = F954BF900E2D548A00E776EB /* IOKit.framework */; };
		F954BFAC0E2D570E00E776EB /* GTMScriptRunner.m in Sources */ = {isa = PBXBuildFile; fileRef = F954BFAB0E2D570E00E776EB /* GTMScriptRunner.m */; };
		F954C0D20E2D6C7200E776EB /* SignedPlistServer.m in Sources */ = {isa = PBXBuildFile; fileRef = F954C0CB0E2D6C6400E776EB /* SignedPlistServer.m */; };
		F954C0D30E2D6C7700E776EB /* KeystoneDelegate.m in Sources */ = {isa = PBXBuildFile; fileRef = F954C0CD0E2D6C6400E776EB /* KeystoneDelegate.m */; };
		F954C0D40E2D6C7C00E776EB /* ksurl-main.m in Sources */ = {isa = PBXBuildFile; fileRef = F954C0CE0E2D6C6400E776EB /* ksurl-main.m */; };
		F96C9D890E26AAFA00BE4C10 /* Keystone.framework in Copy Frameworks */ = {isa = PBXBuildFile; fileRef = F9217A910E258B72007CB1A3 /* Keystone.framework */; };
		F96C9D920E26AB1D00BE4C10 /* autoinstaller in Copy Executables */ = {isa = PBXBuildFile; fileRef = 8DD76FA10486AA7600D96B5E /* autoinstaller */; };
		F9DEA5C40E2F04FC00060106 /* UpdatePrinter.m in Sources */ = {isa = PBXBuildFile; fileRef = F9DEA5960E2F02E200060106 /* UpdatePrinter.m */; };
		F9DEA5EE0E2F069000060106 /* GTMObjC2Runtime.m in Sources */ = {isa = PBXBuildFile; fileRef = F9DEA5ED0E2F069000060106 /* GTMObjC2Runtime.m */; };
/* End PBXBuildFile section */

/* Begin PBXContainerItemProxy section */
		F9217AA60E258C63007CB1A3 /* PBXContainerItemProxy */ = {
			isa = PBXContainerItemProxy;
			containerPortal = 08FB7793FE84155DC02AAC07 /* Project object */;
			proxyType = 1;
			remoteGlobalIDString = F9217A900E258B72007CB1A3;
			remoteInfo = Keystone;
		};
		F9217E6A0E258F05007CB1A3 /* PBXContainerItemProxy */ = {
			isa = PBXContainerItemProxy;
			containerPortal = 08FB7793FE84155DC02AAC07 /* Project object */;
			proxyType = 1;
			remoteGlobalIDString = F9217E640E258EDE007CB1A3;
			remoteInfo = ksurl;
		};
		F92469000E3164B2004ADF93 /* PBXContainerItemProxy */ = {
			isa = PBXContainerItemProxy;
			containerPortal = 08FB7793FE84155DC02AAC07 /* Project object */;
			proxyType = 1;
			remoteGlobalIDString = F9217A900E258B72007CB1A3 /* Keystone */;
			remoteInfo = Keystone;
		};
		F9246C490E31BF08004ADF93 /* PBXContainerItemProxy */ = {
			isa = PBXContainerItemProxy;
			containerPortal = 08FB7793FE84155DC02AAC07 /* Project object */;
			proxyType = 1;
			remoteGlobalIDString = F9217E640E258EDE007CB1A3 /* ksurl */;
			remoteInfo = ksurl;
		};
		F9246C4B0E31BF0A004ADF93 /* PBXContainerItemProxy */ = {
			isa = PBXContainerItemProxy;
			containerPortal = 08FB7793FE84155DC02AAC07 /* Project object */;
			proxyType = 1;
			remoteGlobalIDString = F9217A900E258B72007CB1A3 /* Keystone */;
			remoteInfo = Keystone;
		};
		F9246C4D0E31BF0C004ADF93 /* PBXContainerItemProxy */ = {
			isa = PBXContainerItemProxy;
			containerPortal = 08FB7793FE84155DC02AAC07 /* Project object */;
			proxyType = 1;
			remoteGlobalIDString = 8DD76F960486AA7600D96B5E /* autoinstaller */;
			remoteInfo = autoinstaller;
		};
		F9246C4F0E31BF0E004ADF93 /* PBXContainerItemProxy */ = {
			isa = PBXContainerItemProxy;
			containerPortal = 08FB7793FE84155DC02AAC07 /* Project object */;
			proxyType = 1;
			remoteGlobalIDString = F96C9D7F0E26AA9100BE4C10 /* MacFUSEAutoinstaller */;
			remoteInfo = MacFUSEAutoinstaller;
		};
		F9246C510E31BF11004ADF93 /* PBXContainerItemProxy */ = {
			isa = PBXContainerItemProxy;
			containerPortal = 08FB7793FE84155DC02AAC07 /* Project object */;
			proxyType = 1;
			remoteGlobalIDString = F9246A1F0E3199F9004ADF93 /* rule_signer */;
			remoteInfo = rule_signer;
		};
		F9246C5F0E31BF61004ADF93 /* PBXContainerItemProxy */ = {
			isa = PBXContainerItemProxy;
			containerPortal = 08FB7793FE84155DC02AAC07 /* Project object */;
			proxyType = 1;
			remoteGlobalIDString = F92468F00E3163D1004ADF93 /* Extensions Tests */;
			remoteInfo = "Extensions Tests";
		};
		F96C9D860E26AAF500BE4C10 /* PBXContainerItemProxy */ = {
			isa = PBXContainerItemProxy;
			containerPortal = 08FB7793FE84155DC02AAC07 /* Project object */;
			proxyType = 1;
			remoteGlobalIDString = F9217A900E258B72007CB1A3;
			remoteInfo = Keystone;
		};
		F96C9D8E0E26AB1700BE4C10 /* PBXContainerItemProxy */ = {
			isa = PBXContainerItemProxy;
			containerPortal = 08FB7793FE84155DC02AAC07 /* Project object */;
			proxyType = 1;
			remoteGlobalIDString = 8DD76F960486AA7600D96B5E;
			remoteInfo = autoinstaller;
		};
/* End PBXContainerItemProxy section */

/* Begin PBXCopyFilesBuildPhase section */
		8DD76F9E0486AA7600D96B5E /* CopyFiles */ = {
			isa = PBXCopyFilesBuildPhase;
			buildActionMask = 8;
			dstPath = /usr/share/man/man1/;
			dstSubfolderSpec = 0;
			files = (
			);
			runOnlyForDeploymentPostprocessing = 1;
		};
		F96C9D9A0E26AB4400BE4C10 /* Copy Frameworks */ = {
			isa = PBXCopyFilesBuildPhase;
			buildActionMask = 2147483647;
			dstPath = "";
			dstSubfolderSpec = 10;
			files = (
				F96C9D890E26AAFA00BE4C10 /* Keystone.framework in Copy Frameworks */,
			);
			name = "Copy Frameworks";
			runOnlyForDeploymentPostprocessing = 0;
		};
		F96C9D9B0E26AB4400BE4C10 /* Copy Executables */ = {
			isa = PBXCopyFilesBuildPhase;
			buildActionMask = 2147483647;
			dstPath = "";
			dstSubfolderSpec = 6;
			files = (
				F96C9D920E26AB1D00BE4C10 /* autoinstaller in Copy Executables */,
			);
			name = "Copy Executables";
			runOnlyForDeploymentPostprocessing = 0;
		};
/* End PBXCopyFilesBuildPhase section */

/* Begin PBXFileReference section */
		08FB7796FE84155DC02AAC07 /* main.m */ = {isa = PBXFileReference; fileEncoding = 4; lastKnownFileType = sourcecode.c.objc; path = main.m; sourceTree = "<group>"; };
		08FB779EFE84155DC02AAC07 /* Foundation.framework */ = {isa = PBXFileReference; lastKnownFileType = wrapper.framework; name = Foundation.framework; path = /System/Library/Frameworks/Foundation.framework; sourceTree = "<absolute>"; };
		32A70AAB03705E1F00C91783 /* autoinstaller_Prefix.pch */ = {isa = PBXFileReference; fileEncoding = 4; lastKnownFileType = sourcecode.c.h; path = autoinstaller_Prefix.pch; sourceTree = "<group>"; };
		8DD76FA10486AA7600D96B5E /* autoinstaller */ = {isa = PBXFileReference; explicitFileType = "compiled.mach-o.executable"; includeInIndex = 0; path = autoinstaller; sourceTree = BUILT_PRODUCTS_DIR; };
		F9041AE40E25397800886258 /* Security.framework */ = {isa = PBXFileReference; lastKnownFileType = wrapper.framework; name = Security.framework; path = /System/Library/Frameworks/Security.framework; sourceTree = "<absolute>"; };
		F91662200E26B54400E2806B /* Keystone-Info.plist */ = {isa = PBXFileReference; fileEncoding = 4; lastKnownFileType = text.plist.xml; path = "Keystone-Info.plist"; sourceTree = "<group>"; };
		F91662210E26B54400E2806B /* MacFUSEAutoinstaller-Info.plist */ = {isa = PBXFileReference; fileEncoding = 4; lastKnownFileType = text.plist.xml; path = "MacFUSEAutoinstaller-Info.plist"; sourceTree = "<group>"; };
		F9217A910E258B72007CB1A3 /* Keystone.framework */ = {isa = PBXFileReference; explicitFileType = wrapper.framework; includeInIndex = 0; path = Keystone.framework; sourceTree = BUILT_PRODUCTS_DIR; };
		F9217E650E258EDE007CB1A3 /* ksurl */ = {isa = PBXFileReference; explicitFileType = "compiled.mach-o.executable"; includeInIndex = 0; path = ksurl; sourceTree = BUILT_PRODUCTS_DIR; };
		F92468F10E3163D1004ADF93 /* Extensions Tests.octest */ = {isa = PBXFileReference; explicitFileType = wrapper.cfbundle; includeInIndex = 0; path = "Extensions Tests.octest"; sourceTree = BUILT_PRODUCTS_DIR; };
		F92468FB0E316468004ADF93 /* Signer.h */ = {isa = PBXFileReference; fileEncoding = 4; lastKnownFileType = sourcecode.c.h; path = Signer.h; sourceTree = "<group>"; };
		F92468FC0E316468004ADF93 /* Signer.m */ = {isa = PBXFileReference; fileEncoding = 4; lastKnownFileType = sourcecode.c.objc; path = Signer.m; sourceTree = "<group>"; };
		F92468FE0E316468004ADF93 /* SignerTest.m */ = {isa = PBXFileReference; fileEncoding = 4; lastKnownFileType = sourcecode.c.objc; path = SignerTest.m; sourceTree = "<group>"; };
		F92469A70E316B5A004ADF93 /* SignedPlistServerTest.m */ = {isa = PBXFileReference; fileEncoding = 4; lastKnownFileType = sourcecode.c.objc; path = SignedPlistServerTest.m; sourceTree = "<group>"; };
		F9246A1B0E3199E3004ADF93 /* plist_signer.m */ = {isa = PBXFileReference; fileEncoding = 4; lastKnownFileType = sourcecode.c.objc; path = plist_signer.m; sourceTree = "<group>"; };
		F9246A200E3199F9004ADF93 /* plist_signer */ = {isa = PBXFileReference; explicitFileType = "compiled.mach-o.executable"; includeInIndex = 0; path = plist_signer; sourceTree = BUILT_PRODUCTS_DIR; };
		F9246AAE0E31A5DC004ADF93 /* PlistSigner.h */ = {isa = PBXFileReference; fileEncoding = 4; lastKnownFileType = sourcecode.c.h; path = PlistSigner.h; sourceTree = "<group>"; };
		F9246AAF0E31A5DC004ADF93 /* PlistSigner.m */ = {isa = PBXFileReference; fileEncoding = 4; lastKnownFileType = sourcecode.c.objc; path = PlistSigner.m; sourceTree = "<group>"; };
		F9246AB10E31A681004ADF93 /* PlistSignerTest.m */ = {isa = PBXFileReference; fileEncoding = 4; lastKnownFileType = sourcecode.c.objc; path = PlistSignerTest.m; sourceTree = "<group>"; };
		F9246CA00E3260B9004ADF93 /* KeystoneDelegateTest.m */ = {isa = PBXFileReference; fileEncoding = 4; lastKnownFileType = sourcecode.c.objc; path = KeystoneDelegateTest.m; sourceTree = "<group>"; };
		F9246CA50E3261CB004ADF93 /* UpdatePrinterTest.m */ = {isa = PBXFileReference; fileEncoding = 4; lastKnownFileType = sourcecode.c.objc; path = UpdatePrinterTest.m; sourceTree = "<group>"; };
		F92F42C80E2E8DAE0049713E /* KSDiskImage.h */ = {isa = PBXFileReference; fileEncoding = 4; lastKnownFileType = sourcecode.c.h; path = KSDiskImage.h; sourceTree = "<group>"; };
		F92F42C90E2E8DAE0049713E /* KSDiskImage.m */ = {isa = PBXFileReference; fileEncoding = 4; lastKnownFileType = sourcecode.c.objc; path = KSDiskImage.m; sourceTree = "<group>"; };
		F92F42CA0E2E8DAE0049713E /* KSStatsCollection.h */ = {isa = PBXFileReference; fileEncoding = 4; lastKnownFileType = sourcecode.c.h; path = KSStatsCollection.h; sourceTree = "<group>"; };
		F92F42CB0E2E8DAE0049713E /* KSStatsCollection.m */ = {isa = PBXFileReference; fileEncoding = 4; lastKnownFileType = sourcecode.c.objc; path = KSStatsCollection.m; sourceTree = "<group>"; };
		F92F42CC0E2E8DAE0049713E /* KSUUID.h */ = {isa = PBXFileReference; fileEncoding = 4; lastKnownFileType = sourcecode.c.h; path = KSUUID.h; sourceTree = "<group>"; };
		F92F42CD0E2E8DAE0049713E /* KSUUID.m */ = {isa = PBXFileReference; fileEncoding = 4; lastKnownFileType = sourcecode.c.objc; path = KSUUID.m; sourceTree = "<group>"; };
		F92F42CE0E2E8DAE0049713E /* NSData+Hash.h */ = {isa = PBXFileReference; fileEncoding = 4; lastKnownFileType = sourcecode.c.h; path = "NSData+Hash.h"; sourceTree = "<group>"; };
		F92F42CF0E2E8DAE0049713E /* NSData+Hash.m */ = {isa = PBXFileReference; fileEncoding = 4; lastKnownFileType = sourcecode.c.objc; path = "NSData+Hash.m"; sourceTree = "<group>"; };
		F92F42D10E2E8DAE0049713E /* KSAction.h */ = {isa = PBXFileReference; fileEncoding = 4; lastKnownFileType = sourcecode.c.h; path = KSAction.h; sourceTree = "<group>"; };
		F92F42D20E2E8DAE0049713E /* KSAction.m */ = {isa = PBXFileReference; fileEncoding = 4; lastKnownFileType = sourcecode.c.objc; path = KSAction.m; sourceTree = "<group>"; };
		F92F42D30E2E8DAE0049713E /* KSActionPipe.h */ = {isa = PBXFileReference; fileEncoding = 4; lastKnownFileType = sourcecode.c.h; path = KSActionPipe.h; sourceTree = "<group>"; };
		F92F42D40E2E8DAE0049713E /* KSActionPipe.m */ = {isa = PBXFileReference; fileEncoding = 4; lastKnownFileType = sourcecode.c.objc; path = KSActionPipe.m; sourceTree = "<group>"; };
		F92F42D50E2E8DAE0049713E /* KSActionProcessor.h */ = {isa = PBXFileReference; fileEncoding = 4; lastKnownFileType = sourcecode.c.h; path = KSActionProcessor.h; sourceTree = "<group>"; };
		F92F42D60E2E8DAE0049713E /* KSActionProcessor.m */ = {isa = PBXFileReference; fileEncoding = 4; lastKnownFileType = sourcecode.c.objc; path = KSActionProcessor.m; sourceTree = "<group>"; };
		F92F42D70E2E8DAE0049713E /* KSCheckAction.h */ = {isa = PBXFileReference; fileEncoding = 4; lastKnownFileType = sourcecode.c.h; path = KSCheckAction.h; sourceTree = "<group>"; };
		F92F42D80E2E8DAE0049713E /* KSCheckAction.m */ = {isa = PBXFileReference; fileEncoding = 4; lastKnownFileType = sourcecode.c.objc; path = KSCheckAction.m; sourceTree = "<group>"; };
		F92F42D90E2E8DAE0049713E /* KSCommandRunner.h */ = {isa = PBXFileReference; fileEncoding = 4; lastKnownFileType = sourcecode.c.h; path = KSCommandRunner.h; sourceTree = "<group>"; };
		F92F42DA0E2E8DAE0049713E /* KSCommandRunner.m */ = {isa = PBXFileReference; fileEncoding = 4; lastKnownFileType = sourcecode.c.objc; path = KSCommandRunner.m; sourceTree = "<group>"; };
		F92F42DB0E2E8DAE0049713E /* KSCompositeAction.h */ = {isa = PBXFileReference; fileEncoding = 4; lastKnownFileType = sourcecode.c.h; path = KSCompositeAction.h; sourceTree = "<group>"; };
		F92F42DC0E2E8DAE0049713E /* KSCompositeAction.m */ = {isa = PBXFileReference; fileEncoding = 4; lastKnownFileType = sourcecode.c.objc; path = KSCompositeAction.m; sourceTree = "<group>"; };
		F92F42DD0E2E8DAE0049713E /* KSDownloadAction.h */ = {isa = PBXFileReference; fileEncoding = 4; lastKnownFileType = sourcecode.c.h; path = KSDownloadAction.h; sourceTree = "<group>"; };
		F92F42DE0E2E8DAE0049713E /* KSDownloadAction.m */ = {isa = PBXFileReference; fileEncoding = 4; lastKnownFileType = sourcecode.c.objc; path = KSDownloadAction.m; sourceTree = "<group>"; };
		F92F42DF0E2E8DAE0049713E /* KSExistenceChecker.h */ = {isa = PBXFileReference; fileEncoding = 4; lastKnownFileType = sourcecode.c.h; path = KSExistenceChecker.h; sourceTree = "<group>"; };
		F92F42E00E2E8DAE0049713E /* KSExistenceChecker.m */ = {isa = PBXFileReference; fileEncoding = 4; lastKnownFileType = sourcecode.c.objc; path = KSExistenceChecker.m; sourceTree = "<group>"; };
		F92F42E10E2E8DAE0049713E /* KSFetcherFactory.h */ = {isa = PBXFileReference; fileEncoding = 4; lastKnownFileType = sourcecode.c.h; path = KSFetcherFactory.h; sourceTree = "<group>"; };
		F92F42E20E2E8DAE0049713E /* KSFetcherFactory.m */ = {isa = PBXFileReference; fileEncoding = 4; lastKnownFileType = sourcecode.c.objc; path = KSFetcherFactory.m; sourceTree = "<group>"; };
		F92F42E30E2E8DAE0049713E /* KSFrameworkStats.h */ = {isa = PBXFileReference; fileEncoding = 4; lastKnownFileType = sourcecode.c.h; path = KSFrameworkStats.h; sourceTree = "<group>"; };
		F92F42E40E2E8DAE0049713E /* KSFrameworkStats.m */ = {isa = PBXFileReference; fileEncoding = 4; lastKnownFileType = sourcecode.c.objc; path = KSFrameworkStats.m; sourceTree = "<group>"; };
		F92F42E50E2E8DAE0049713E /* KSInstallAction.h */ = {isa = PBXFileReference; fileEncoding = 4; lastKnownFileType = sourcecode.c.h; path = KSInstallAction.h; sourceTree = "<group>"; };
		F92F42E60E2E8DAE0049713E /* KSInstallAction.m */ = {isa = PBXFileReference; fileEncoding = 4; lastKnownFileType = sourcecode.c.objc; path = KSInstallAction.m; sourceTree = "<group>"; };
		F92F42E70E2E8DAE0049713E /* KSKeystone.h */ = {isa = PBXFileReference; fileEncoding = 4; lastKnownFileType = sourcecode.c.h; path = KSKeystone.h; sourceTree = "<group>"; };
		F92F42E80E2E8DAE0049713E /* KSKeystone.m */ = {isa = PBXFileReference; fileEncoding = 4; lastKnownFileType = sourcecode.c.objc; path = KSKeystone.m; sourceTree = "<group>"; };
		F92F42E90E2E8DAE0049713E /* KSKeystoneBroker.h */ = {isa = PBXFileReference; fileEncoding = 4; lastKnownFileType = sourcecode.c.h; path = KSKeystoneBroker.h; sourceTree = "<group>"; };
		F92F42EA0E2E8DAE0049713E /* KSKeystoneBroker.m */ = {isa = PBXFileReference; fileEncoding = 4; lastKnownFileType = sourcecode.c.objc; path = KSKeystoneBroker.m; sourceTree = "<group>"; };
		F92F42EB0E2E8DAE0049713E /* KSKeystoneParameters.h */ = {isa = PBXFileReference; fileEncoding = 4; lastKnownFileType = sourcecode.c.h; path = KSKeystoneParameters.h; sourceTree = "<group>"; };
		F92F42EC0E2E8DAE0049713E /* KSKeystoneVendor.h */ = {isa = PBXFileReference; fileEncoding = 4; lastKnownFileType = sourcecode.c.h; path = KSKeystoneVendor.h; sourceTree = "<group>"; };
		F92F42ED0E2E8DAE0049713E /* KSKeystoneVendor.m */ = {isa = PBXFileReference; fileEncoding = 4; lastKnownFileType = sourcecode.c.objc; path = KSKeystoneVendor.m; sourceTree = "<group>"; };
		F92F42EE0E2E8DAE0049713E /* KSMemoryTicketStore.h */ = {isa = PBXFileReference; fileEncoding = 4; lastKnownFileType = sourcecode.c.h; path = KSMemoryTicketStore.h; sourceTree = "<group>"; };
		F92F42EF0E2E8DAE0049713E /* KSMemoryTicketStore.m */ = {isa = PBXFileReference; fileEncoding = 4; lastKnownFileType = sourcecode.c.objc; path = KSMemoryTicketStore.m; sourceTree = "<group>"; };
		F92F42F00E2E8DAE0049713E /* KSMockFetcherFactory.h */ = {isa = PBXFileReference; fileEncoding = 4; lastKnownFileType = sourcecode.c.h; path = KSMockFetcherFactory.h; sourceTree = "<group>"; };
		F92F42F10E2E8DAE0049713E /* KSMockFetcherFactory.m */ = {isa = PBXFileReference; fileEncoding = 4; lastKnownFileType = sourcecode.c.objc; path = KSMockFetcherFactory.m; sourceTree = "<group>"; };
		F92F42F20E2E8DAE0049713E /* KSMultiAction.h */ = {isa = PBXFileReference; fileEncoding = 4; lastKnownFileType = sourcecode.c.h; path = KSMultiAction.h; sourceTree = "<group>"; };
		F92F42F30E2E8DAE0049713E /* KSMultiAction.m */ = {isa = PBXFileReference; fileEncoding = 4; lastKnownFileType = sourcecode.c.objc; path = KSMultiAction.m; sourceTree = "<group>"; };
		F92F42F40E2E8DAE0049713E /* KSMultiUpdateAction.h */ = {isa = PBXFileReference; fileEncoding = 4; lastKnownFileType = sourcecode.c.h; path = KSMultiUpdateAction.h; sourceTree = "<group>"; };
		F92F42F50E2E8DAE0049713E /* KSMultiUpdateAction.m */ = {isa = PBXFileReference; fileEncoding = 4; lastKnownFileType = sourcecode.c.objc; path = KSMultiUpdateAction.m; sourceTree = "<group>"; };
		F92F42F60E2E8DAE0049713E /* KSPlistServer.h */ = {isa = PBXFileReference; fileEncoding = 4; lastKnownFileType = sourcecode.c.h; path = KSPlistServer.h; sourceTree = "<group>"; };
		F92F42F70E2E8DAE0049713E /* KSPlistServer.m */ = {isa = PBXFileReference; fileEncoding = 4; lastKnownFileType = sourcecode.c.objc; path = KSPlistServer.m; sourceTree = "<group>"; };
		F92F42F80E2E8DAE0049713E /* KSPrefetchAction.h */ = {isa = PBXFileReference; fileEncoding = 4; lastKnownFileType = sourcecode.c.h; path = KSPrefetchAction.h; sourceTree = "<group>"; };
		F92F42F90E2E8DAE0049713E /* KSPrefetchAction.m */ = {isa = PBXFileReference; fileEncoding = 4; lastKnownFileType = sourcecode.c.objc; path = KSPrefetchAction.m; sourceTree = "<group>"; };
		F92F42FA0E2E8DAE0049713E /* KSPromptAction.h */ = {isa = PBXFileReference; fileEncoding = 4; lastKnownFileType = sourcecode.c.h; path = KSPromptAction.h; sourceTree = "<group>"; };
		F92F42FB0E2E8DAE0049713E /* KSPromptAction.m */ = {isa = PBXFileReference; fileEncoding = 4; lastKnownFileType = sourcecode.c.objc; path = KSPromptAction.m; sourceTree = "<group>"; };
		F92F42FC0E2E8DAE0049713E /* KSServer.h */ = {isa = PBXFileReference; fileEncoding = 4; lastKnownFileType = sourcecode.c.h; path = KSServer.h; sourceTree = "<group>"; };
		F92F42FD0E2E8DAE0049713E /* KSServer.m */ = {isa = PBXFileReference; fileEncoding = 4; lastKnownFileType = sourcecode.c.objc; path = KSServer.m; sourceTree = "<group>"; };
		F92F42FE0E2E8DAE0049713E /* KSSilentUpdateAction.h */ = {isa = PBXFileReference; fileEncoding = 4; lastKnownFileType = sourcecode.c.h; path = KSSilentUpdateAction.h; sourceTree = "<group>"; };
		F92F42FF0E2E8DAE0049713E /* KSSilentUpdateAction.m */ = {isa = PBXFileReference; fileEncoding = 4; lastKnownFileType = sourcecode.c.objc; path = KSSilentUpdateAction.m; sourceTree = "<group>"; };
		F92F43000E2E8DAE0049713E /* KSTicket.h */ = {isa = PBXFileReference; fileEncoding = 4; lastKnownFileType = sourcecode.c.h; path = KSTicket.h; sourceTree = "<group>"; };
		F92F43010E2E8DAE0049713E /* KSTicket.m */ = {isa = PBXFileReference; fileEncoding = 4; lastKnownFileType = sourcecode.c.objc; path = KSTicket.m; sourceTree = "<group>"; };
		F92F43020E2E8DAE0049713E /* KSTicketStore.h */ = {isa = PBXFileReference; fileEncoding = 4; lastKnownFileType = sourcecode.c.h; path = KSTicketStore.h; sourceTree = "<group>"; };
		F92F43030E2E8DAE0049713E /* KSTicketStore.m */ = {isa = PBXFileReference; fileEncoding = 4; lastKnownFileType = sourcecode.c.objc; path = KSTicketStore.m; sourceTree = "<group>"; };
		F92F43040E2E8DAE0049713E /* KSUpdateAction.h */ = {isa = PBXFileReference; fileEncoding = 4; lastKnownFileType = sourcecode.c.h; path = KSUpdateAction.h; sourceTree = "<group>"; };
		F92F43050E2E8DAE0049713E /* KSUpdateAction.m */ = {isa = PBXFileReference; fileEncoding = 4; lastKnownFileType = sourcecode.c.objc; path = KSUpdateAction.m; sourceTree = "<group>"; };
		F92F43060E2E8DAE0049713E /* KSUpdateCheckAction.h */ = {isa = PBXFileReference; fileEncoding = 4; lastKnownFileType = sourcecode.c.h; path = KSUpdateCheckAction.h; sourceTree = "<group>"; };
		F92F43070E2E8DAE0049713E /* KSUpdateCheckAction.m */ = {isa = PBXFileReference; fileEncoding = 4; lastKnownFileType = sourcecode.c.objc; path = KSUpdateCheckAction.m; sourceTree = "<group>"; };
		F92F43080E2E8DAE0049713E /* KSUpdateInfo.h */ = {isa = PBXFileReference; fileEncoding = 4; lastKnownFileType = sourcecode.c.h; path = KSUpdateInfo.h; sourceTree = "<group>"; };
		F92F43090E2E8DAE0049713E /* KSUpdateInfo.m */ = {isa = PBXFileReference; fileEncoding = 4; lastKnownFileType = sourcecode.c.objc; path = KSUpdateInfo.m; sourceTree = "<group>"; };
		F92F430B0E2E8DAE0049713E /* GMLog.h */ = {isa = PBXFileReference; fileEncoding = 4; lastKnownFileType = sourcecode.c.h; path = GMLog.h; sourceTree = "<group>"; };
		F92F430C0E2E8DAE0049713E /* GMLogger.h */ = {isa = PBXFileReference; fileEncoding = 4; lastKnownFileType = sourcecode.c.h; path = GMLogger.h; sourceTree = "<group>"; };
		F92F430D0E2E8DAE0049713E /* GMLogger.m */ = {isa = PBXFileReference; fileEncoding = 4; lastKnownFileType = sourcecode.c.objc; path = GMLogger.m; sourceTree = "<group>"; };
		F92F430E0E2E8DAE0049713E /* GMLogRemap.h */ = {isa = PBXFileReference; fileEncoding = 4; lastKnownFileType = sourcecode.c.h; path = GMLogRemap.h; sourceTree = "<group>"; };
		F954BEC30E2D525000E776EB /* GTMDebugSelectorValidation.h */ = {isa = PBXFileReference; fileEncoding = 4; lastKnownFileType = sourcecode.c.h; path = GTMDebugSelectorValidation.h; sourceTree = "<group>"; };
		F954BEC50E2D525000E776EB /* GTMMethodCheck.h */ = {isa = PBXFileReference; fileEncoding = 4; lastKnownFileType = sourcecode.c.h; path = GTMMethodCheck.h; sourceTree = "<group>"; };
		F954BEC60E2D525000E776EB /* GTMMethodCheck.m */ = {isa = PBXFileReference; fileEncoding = 4; lastKnownFileType = sourcecode.c.objc; path = GTMMethodCheck.m; sourceTree = "<group>"; };
		F954BEC80E2D525000E776EB /* GTMDefines.h */ = {isa = PBXFileReference; fileEncoding = 4; lastKnownFileType = sourcecode.c.h; name = GTMDefines.h; path = externals/GTM/GTMDefines.h; sourceTree = "<group>"; };
		F954BECB0E2D525000E776EB /* DebugiPhone.xcconfig */ = {isa = PBXFileReference; fileEncoding = 4; lastKnownFileType = text.xcconfig; path = DebugiPhone.xcconfig; sourceTree = "<group>"; };
		F954BECC0E2D525000E776EB /* DebugLeopardOrLater.xcconfig */ = {isa = PBXFileReference; fileEncoding = 4; lastKnownFileType = text.xcconfig; path = DebugLeopardOrLater.xcconfig; sourceTree = "<group>"; };
		F954BECD0E2D525000E776EB /* DebugTigerOrLater.xcconfig */ = {isa = PBXFileReference; fileEncoding = 4; lastKnownFileType = text.xcconfig; path = DebugTigerOrLater.xcconfig; sourceTree = "<group>"; };
		F954BECE0E2D525000E776EB /* ReleaseiPhone.xcconfig */ = {isa = PBXFileReference; fileEncoding = 4; lastKnownFileType = text.xcconfig; path = ReleaseiPhone.xcconfig; sourceTree = "<group>"; };
		F954BECF0E2D525000E776EB /* ReleaseLeopardOrLater.xcconfig */ = {isa = PBXFileReference; fileEncoding = 4; lastKnownFileType = text.xcconfig; path = ReleaseLeopardOrLater.xcconfig; sourceTree = "<group>"; };
		F954BED00E2D525000E776EB /* ReleaseTigerOrLater.xcconfig */ = {isa = PBXFileReference; fileEncoding = 4; lastKnownFileType = text.xcconfig; path = ReleaseTigerOrLater.xcconfig; sourceTree = "<group>"; };
		F954BED20E2D525000E776EB /* 64bit.xcconfig */ = {isa = PBXFileReference; fileEncoding = 4; lastKnownFileType = text.xcconfig; path = 64bit.xcconfig; sourceTree = "<group>"; };
		F954BED30E2D525000E776EB /* CodeCoverage.xcconfig */ = {isa = PBXFileReference; fileEncoding = 4; lastKnownFileType = text.xcconfig; path = CodeCoverage.xcconfig; sourceTree = "<group>"; };
		F954BED40E2D525000E776EB /* CodeCoverageStatic.xcconfig */ = {isa = PBXFileReference; fileEncoding = 4; lastKnownFileType = text.xcconfig; path = CodeCoverageStatic.xcconfig; sourceTree = "<group>"; };
		F954BED50E2D525000E776EB /* Debug.xcconfig */ = {isa = PBXFileReference; fileEncoding = 4; lastKnownFileType = text.xcconfig; path = Debug.xcconfig; sourceTree = "<group>"; };
		F954BED60E2D525000E776EB /* GCSupported.xcconfig */ = {isa = PBXFileReference; fileEncoding = 4; lastKnownFileType = text.xcconfig; path = GCSupported.xcconfig; sourceTree = "<group>"; };
		F954BED70E2D525000E776EB /* General.xcconfig */ = {isa = PBXFileReference; fileEncoding = 4; lastKnownFileType = text.xcconfig; path = General.xcconfig; sourceTree = "<group>"; };
		F954BED80E2D525000E776EB /* iPhone.xcconfig */ = {isa = PBXFileReference; fileEncoding = 4; lastKnownFileType = text.xcconfig; path = iPhone.xcconfig; sourceTree = "<group>"; };
		F954BED90E2D525000E776EB /* LeopardOrLater.xcconfig */ = {isa = PBXFileReference; fileEncoding = 4; lastKnownFileType = text.xcconfig; path = LeopardOrLater.xcconfig; sourceTree = "<group>"; };
		F954BEDA0E2D525000E776EB /* Release.xcconfig */ = {isa = PBXFileReference; fileEncoding = 4; lastKnownFileType = text.xcconfig; path = Release.xcconfig; sourceTree = "<group>"; };
		F954BEDB0E2D525000E776EB /* TigerOrLater.xcconfig */ = {isa = PBXFileReference; fileEncoding = 4; lastKnownFileType = text.xcconfig; path = TigerOrLater.xcconfig; sourceTree = "<group>"; };
		F954BEDC0E2D525000E776EB /* Unittest.xcconfig */ = {isa = PBXFileReference; fileEncoding = 4; lastKnownFileType = text.xcconfig; path = Unittest.xcconfig; sourceTree = "<group>"; };
		F954BEDE0E2D525000E776EB /* DebugUnittest.xcconfig */ = {isa = PBXFileReference; fileEncoding = 4; lastKnownFileType = text.xcconfig; path = DebugUnittest.xcconfig; sourceTree = "<group>"; };
		F954BEDF0E2D525000E776EB /* LoadableBundle.xcconfig */ = {isa = PBXFileReference; fileEncoding = 4; lastKnownFileType = text.xcconfig; path = LoadableBundle.xcconfig; sourceTree = "<group>"; };
		F954BEE00E2D525000E776EB /* LoadableBundleGCSupported.xcconfig */ = {isa = PBXFileReference; fileEncoding = 4; lastKnownFileType = text.xcconfig; path = LoadableBundleGCSupported.xcconfig; sourceTree = "<group>"; };
		F954BEE10E2D525000E776EB /* ReleaseUnittest.xcconfig */ = {isa = PBXFileReference; fileEncoding = 4; lastKnownFileType = text.xcconfig; path = ReleaseUnittest.xcconfig; sourceTree = "<group>"; };
		F954BEE20E2D525000E776EB /* SharedLibrary.xcconfig */ = {isa = PBXFileReference; fileEncoding = 4; lastKnownFileType = text.xcconfig; path = SharedLibrary.xcconfig; sourceTree = "<group>"; };
		F954BEE30E2D525000E776EB /* SharedLibraryGCSupported.xcconfig */ = {isa = PBXFileReference; fileEncoding = 4; lastKnownFileType = text.xcconfig; path = SharedLibraryGCSupported.xcconfig; sourceTree = "<group>"; };
		F954BEE40E2D525000E776EB /* StaticLibrary.xcconfig */ = {isa = PBXFileReference; fileEncoding = 4; lastKnownFileType = text.xcconfig; path = StaticLibrary.xcconfig; sourceTree = "<group>"; };
		F954BEE50E2D525000E776EB /* StaticLibraryGCSupported.xcconfig */ = {isa = PBXFileReference; fileEncoding = 4; lastKnownFileType = text.xcconfig; path = StaticLibraryGCSupported.xcconfig; sourceTree = "<group>"; };
		F954BEE60E2D525000E776EB /* xcconfigs-readme.txt */ = {isa = PBXFileReference; fileEncoding = 4; lastKnownFileType = text; path = "xcconfigs-readme.txt"; sourceTree = "<group>"; };
		F954BF050E2D52AE00E776EB /* GTMBase64.h */ = {isa = PBXFileReference; fileEncoding = 4; lastKnownFileType = sourcecode.c.h; path = GTMBase64.h; sourceTree = "<group>"; };
		F954BF060E2D52AE00E776EB /* GTMBase64.m */ = {isa = PBXFileReference; fileEncoding = 4; lastKnownFileType = sourcecode.c.objc; path = GTMBase64.m; sourceTree = "<group>"; };
		F954BF070E2D52AE00E776EB /* GTMGarbageCollection.h */ = {isa = PBXFileReference; fileEncoding = 4; lastKnownFileType = sourcecode.c.h; path = GTMGarbageCollection.h; sourceTree = "<group>"; };
		F954BF080E2D52AE00E776EB /* GTMHTTPFetcher.h */ = {isa = PBXFileReference; fileEncoding = 4; lastKnownFileType = sourcecode.c.h; path = GTMHTTPFetcher.h; sourceTree = "<group>"; };
		F954BF090E2D52AE00E776EB /* GTMHTTPFetcher.m */ = {isa = PBXFileReference; fileEncoding = 4; lastKnownFileType = sourcecode.c.objc; path = GTMHTTPFetcher.m; sourceTree = "<group>"; };
		F954BF0A0E2D52AE00E776EB /* GTMNSString+FindFolder.h */ = {isa = PBXFileReference; fileEncoding = 4; lastKnownFileType = sourcecode.c.h; path = "GTMNSString+FindFolder.h"; sourceTree = "<group>"; };
		F954BF0B0E2D52AE00E776EB /* GTMNSString+FindFolder.m */ = {isa = PBXFileReference; fileEncoding = 4; lastKnownFileType = sourcecode.c.objc; path = "GTMNSString+FindFolder.m"; sourceTree = "<group>"; };
		F954BF0C0E2D52AE00E776EB /* GTMPath.h */ = {isa = PBXFileReference; fileEncoding = 4; lastKnownFileType = sourcecode.c.h; path = GTMPath.h; sourceTree = "<group>"; };
		F954BF0D0E2D52AE00E776EB /* GTMPath.m */ = {isa = PBXFileReference; fileEncoding = 4; lastKnownFileType = sourcecode.c.objc; path = GTMPath.m; sourceTree = "<group>"; };
		F954BF900E2D548A00E776EB /* IOKit.framework */ = {isa = PBXFileReference; lastKnownFileType = wrapper.framework; name = IOKit.framework; path = /System/Library/Frameworks/IOKit.framework; sourceTree = "<absolute>"; };
		F954BFAA0E2D570E00E776EB /* GTMScriptRunner.h */ = {isa = PBXFileReference; fileEncoding = 4; lastKnownFileType = sourcecode.c.h; path = GTMScriptRunner.h; sourceTree = "<group>"; };
		F954BFAB0E2D570E00E776EB /* GTMScriptRunner.m */ = {isa = PBXFileReference; fileEncoding = 4; lastKnownFileType = sourcecode.c.objc; path = GTMScriptRunner.m; sourceTree = "<group>"; };
		F954C0CA0E2D6C6400E776EB /* SignedPlistServer.h */ = {isa = PBXFileReference; fileEncoding = 4; lastKnownFileType = sourcecode.c.h; path = SignedPlistServer.h; sourceTree = "<group>"; };
		F954C0CB0E2D6C6400E776EB /* SignedPlistServer.m */ = {isa = PBXFileReference; fileEncoding = 4; lastKnownFileType = sourcecode.c.objc; path = SignedPlistServer.m; sourceTree = "<group>"; };
		F954C0CC0E2D6C6400E776EB /* KeystoneDelegate.h */ = {isa = PBXFileReference; fileEncoding = 4; lastKnownFileType = sourcecode.c.h; path = KeystoneDelegate.h; sourceTree = "<group>"; };
		F954C0CD0E2D6C6400E776EB /* KeystoneDelegate.m */ = {isa = PBXFileReference; fileEncoding = 4; lastKnownFileType = sourcecode.c.objc; path = KeystoneDelegate.m; sourceTree = "<group>"; };
		F954C0CE0E2D6C6400E776EB /* ksurl-main.m */ = {isa = PBXFileReference; fileEncoding = 4; lastKnownFileType = sourcecode.c.objc; path = "ksurl-main.m"; sourceTree = "<group>"; };
		F95A05210E25327300A22FA6 /* Carbon.framework */ = {isa = PBXFileReference; lastKnownFileType = wrapper.framework; name = Carbon.framework; path = /System/Library/Frameworks/Carbon.framework; sourceTree = "<absolute>"; };
		F95A05260E25328100A22FA6 /* CoreServices.framework */ = {isa = PBXFileReference; lastKnownFileType = wrapper.framework; name = CoreServices.framework; path = /System/Library/Frameworks/CoreServices.framework; sourceTree = "<absolute>"; };
		F96C9D800E26AA9100BE4C10 /* MacFUSEAutoinstaller.bundle */ = {isa = PBXFileReference; explicitFileType = wrapper.cfbundle; includeInIndex = 0; path = MacFUSEAutoinstaller.bundle; sourceTree = BUILT_PRODUCTS_DIR; };
		F9DEA5950E2F02E200060106 /* UpdatePrinter.h */ = {isa = PBXFileReference; fileEncoding = 4; lastKnownFileType = sourcecode.c.h; path = UpdatePrinter.h; sourceTree = "<group>"; };
		F9DEA5960E2F02E200060106 /* UpdatePrinter.m */ = {isa = PBXFileReference; fileEncoding = 4; lastKnownFileType = sourcecode.c.objc; path = UpdatePrinter.m; sourceTree = "<group>"; };
		F9DEA5EC0E2F069000060106 /* GTMObjC2Runtime.h */ = {isa = PBXFileReference; fileEncoding = 4; lastKnownFileType = sourcecode.c.h; path = GTMObjC2Runtime.h; sourceTree = "<group>"; };
		F9DEA5ED0E2F069000060106 /* GTMObjC2Runtime.m */ = {isa = PBXFileReference; fileEncoding = 4; lastKnownFileType = sourcecode.c.objc; path = GTMObjC2Runtime.m; sourceTree = "<group>"; };
/* End PBXFileReference section */

/* Begin PBXFrameworksBuildPhase section */
		8DD76F9B0486AA7600D96B5E /* Frameworks */ = {
			isa = PBXFrameworksBuildPhase;
			buildActionMask = 2147483647;
			files = (
				F9217E540E258D7C007CB1A3 /* Keystone.framework in Frameworks */,
				8DD76F9C0486AA7600D96B5E /* Foundation.framework in Frameworks */,
			);
			runOnlyForDeploymentPostprocessing = 0;
		};
		F9217A8F0E258B72007CB1A3 /* Frameworks */ = {
			isa = PBXFrameworksBuildPhase;
			buildActionMask = 2147483647;
			files = (
				F9217E500E258D6B007CB1A3 /* Security.framework in Frameworks */,
				F9217E510E258D6B007CB1A3 /* CoreServices.framework in Frameworks */,
				F9217E520E258D6B007CB1A3 /* Carbon.framework in Frameworks */,
				F9217E530E258D6B007CB1A3 /* Foundation.framework in Frameworks */,
				F954BF910E2D548A00E776EB /* IOKit.framework in Frameworks */,
			);
			runOnlyForDeploymentPostprocessing = 0;
		};
		F9217E630E258EDE007CB1A3 /* Frameworks */ = {
			isa = PBXFrameworksBuildPhase;
			buildActionMask = 2147483647;
			files = (
				F9217E720E258F46007CB1A3 /* Foundation.framework in Frameworks */,
			);
			runOnlyForDeploymentPostprocessing = 0;
		};
		F92468EE0E3163D1004ADF93 /* Frameworks */ = {
			isa = PBXFrameworksBuildPhase;
			buildActionMask = 2147483647;
			files = (
				F924691D0E31689E004ADF93 /* Foundation.framework in Frameworks */,
				F92469060E3164B8004ADF93 /* Keystone.framework in Frameworks */,
			);
			runOnlyForDeploymentPostprocessing = 0;
		};
		F9246A1E0E3199F9004ADF93 /* Frameworks */ = {
			isa = PBXFrameworksBuildPhase;
			buildActionMask = 2147483647;
			files = (
				F9246A5E0E319CEA004ADF93 /* Foundation.framework in Frameworks */,
			);
			runOnlyForDeploymentPostprocessing = 0;
		};
		F96C9D7E0E26AA9100BE4C10 /* Frameworks */ = {
			isa = PBXFrameworksBuildPhase;
			buildActionMask = 2147483647;
			files = (
			);
			runOnlyForDeploymentPostprocessing = 0;
		};
/* End PBXFrameworksBuildPhase section */

/* Begin PBXGroup section */
		08FB7794FE84155DC02AAC07 /* autoinstaller */ = {
			isa = PBXGroup;
			children = (
				F92F42C60E2E8DAE0049713E /* Keystone */,
				F954BEC10E2D51FD00E776EB /* GTM */,
				F954C0C90E2D6C6400E776EB /* KeystoneExtensions */,
				08FB7795FE84155DC02AAC07 /* Source */,
				F916621F0E26B54400E2806B /* Resources */,
				08FB779DFE84155DC02AAC07 /* External Frameworks and Libraries */,
				1AB674ADFE9D54B511CA2CBB /* Products */,
			);
			name = autoinstaller;
			sourceTree = "<group>";
		};
		08FB7795FE84155DC02AAC07 /* Source */ = {
			isa = PBXGroup;
			children = (
				32A70AAB03705E1F00C91783 /* autoinstaller_Prefix.pch */,
				08FB7796FE84155DC02AAC07 /* main.m */,
				F9246A1B0E3199E3004ADF93 /* plist_signer.m */,
			);
			name = Source;
			sourceTree = "<group>";
		};
		08FB779DFE84155DC02AAC07 /* External Frameworks and Libraries */ = {
			isa = PBXGroup;
			children = (
				F954BF900E2D548A00E776EB /* IOKit.framework */,
				F9041AE40E25397800886258 /* Security.framework */,
				F95A05260E25328100A22FA6 /* CoreServices.framework */,
				F95A05210E25327300A22FA6 /* Carbon.framework */,
				08FB779EFE84155DC02AAC07 /* Foundation.framework */,
			);
			name = "External Frameworks and Libraries";
			sourceTree = "<group>";
		};
		1AB674ADFE9D54B511CA2CBB /* Products */ = {
			isa = PBXGroup;
			children = (
				8DD76FA10486AA7600D96B5E /* autoinstaller */,
				F9217A910E258B72007CB1A3 /* Keystone.framework */,
				F9217E650E258EDE007CB1A3 /* ksurl */,
				F96C9D800E26AA9100BE4C10 /* MacFUSEAutoinstaller.bundle */,
				F92468F10E3163D1004ADF93 /* Extensions Tests.octest */,
				F9246A200E3199F9004ADF93 /* plist_signer */,
			);
			name = Products;
			sourceTree = "<group>";
		};
		F916621F0E26B54400E2806B /* Resources */ = {
			isa = PBXGroup;
			children = (
				F91662200E26B54400E2806B /* Keystone-Info.plist */,
				F91662210E26B54400E2806B /* MacFUSEAutoinstaller-Info.plist */,
			);
			path = Resources;
			sourceTree = "<group>";
		};
		F92F42C60E2E8DAE0049713E /* Keystone */ = {
			isa = PBXGroup;
			children = (
				F92F42C70E2E8DAE0049713E /* Common */,
				F92F42D00E2E8DAE0049713E /* Framework */,
				F92F430A0E2E8DAE0049713E /* Shared */,
			);
			path = Keystone;
			sourceTree = "<group>";
		};
		F92F42C70E2E8DAE0049713E /* Common */ = {
			isa = PBXGroup;
			children = (
				F92F42C80E2E8DAE0049713E /* KSDiskImage.h */,
				F92F42C90E2E8DAE0049713E /* KSDiskImage.m */,
				F92F42CA0E2E8DAE0049713E /* KSStatsCollection.h */,
				F92F42CB0E2E8DAE0049713E /* KSStatsCollection.m */,
				F92F42CC0E2E8DAE0049713E /* KSUUID.h */,
				F92F42CD0E2E8DAE0049713E /* KSUUID.m */,
				F92F42CE0E2E8DAE0049713E /* NSData+Hash.h */,
				F92F42CF0E2E8DAE0049713E /* NSData+Hash.m */,
			);
			path = Common;
			sourceTree = "<group>";
		};
		F92F42D00E2E8DAE0049713E /* Framework */ = {
			isa = PBXGroup;
			children = (
				F92F42D10E2E8DAE0049713E /* KSAction.h */,
				F92F42D20E2E8DAE0049713E /* KSAction.m */,
				F92F42D30E2E8DAE0049713E /* KSActionPipe.h */,
				F92F42D40E2E8DAE0049713E /* KSActionPipe.m */,
				F92F42D50E2E8DAE0049713E /* KSActionProcessor.h */,
				F92F42D60E2E8DAE0049713E /* KSActionProcessor.m */,
				F92F42D70E2E8DAE0049713E /* KSCheckAction.h */,
				F92F42D80E2E8DAE0049713E /* KSCheckAction.m */,
				F92F42D90E2E8DAE0049713E /* KSCommandRunner.h */,
				F92F42DA0E2E8DAE0049713E /* KSCommandRunner.m */,
				F92F42DB0E2E8DAE0049713E /* KSCompositeAction.h */,
				F92F42DC0E2E8DAE0049713E /* KSCompositeAction.m */,
				F92F42DD0E2E8DAE0049713E /* KSDownloadAction.h */,
				F92F42DE0E2E8DAE0049713E /* KSDownloadAction.m */,
				F92F42DF0E2E8DAE0049713E /* KSExistenceChecker.h */,
				F92F42E00E2E8DAE0049713E /* KSExistenceChecker.m */,
				F92F42E10E2E8DAE0049713E /* KSFetcherFactory.h */,
				F92F42E20E2E8DAE0049713E /* KSFetcherFactory.m */,
				F92F42E30E2E8DAE0049713E /* KSFrameworkStats.h */,
				F92F42E40E2E8DAE0049713E /* KSFrameworkStats.m */,
				F92F42E50E2E8DAE0049713E /* KSInstallAction.h */,
				F92F42E60E2E8DAE0049713E /* KSInstallAction.m */,
				F92F42E70E2E8DAE0049713E /* KSKeystone.h */,
				F92F42E80E2E8DAE0049713E /* KSKeystone.m */,
				F92F42E90E2E8DAE0049713E /* KSKeystoneBroker.h */,
				F92F42EA0E2E8DAE0049713E /* KSKeystoneBroker.m */,
				F92F42EB0E2E8DAE0049713E /* KSKeystoneParameters.h */,
				F92F42EC0E2E8DAE0049713E /* KSKeystoneVendor.h */,
				F92F42ED0E2E8DAE0049713E /* KSKeystoneVendor.m */,
				F92F42EE0E2E8DAE0049713E /* KSMemoryTicketStore.h */,
				F92F42EF0E2E8DAE0049713E /* KSMemoryTicketStore.m */,
				F92F42F00E2E8DAE0049713E /* KSMockFetcherFactory.h */,
				F92F42F10E2E8DAE0049713E /* KSMockFetcherFactory.m */,
				F92F42F20E2E8DAE0049713E /* KSMultiAction.h */,
				F92F42F30E2E8DAE0049713E /* KSMultiAction.m */,
				F92F42F40E2E8DAE0049713E /* KSMultiUpdateAction.h */,
				F92F42F50E2E8DAE0049713E /* KSMultiUpdateAction.m */,
				F92F42F60E2E8DAE0049713E /* KSPlistServer.h */,
				F92F42F70E2E8DAE0049713E /* KSPlistServer.m */,
				F92F42F80E2E8DAE0049713E /* KSPrefetchAction.h */,
				F92F42F90E2E8DAE0049713E /* KSPrefetchAction.m */,
				F92F42FA0E2E8DAE0049713E /* KSPromptAction.h */,
				F92F42FB0E2E8DAE0049713E /* KSPromptAction.m */,
				F92F42FC0E2E8DAE0049713E /* KSServer.h */,
				F92F42FD0E2E8DAE0049713E /* KSServer.m */,
				F92F42FE0E2E8DAE0049713E /* KSSilentUpdateAction.h */,
				F92F42FF0E2E8DAE0049713E /* KSSilentUpdateAction.m */,
				F92F43000E2E8DAE0049713E /* KSTicket.h */,
				F92F43010E2E8DAE0049713E /* KSTicket.m */,
				F92F43020E2E8DAE0049713E /* KSTicketStore.h */,
				F92F43030E2E8DAE0049713E /* KSTicketStore.m */,
				F92F43040E2E8DAE0049713E /* KSUpdateAction.h */,
				F92F43050E2E8DAE0049713E /* KSUpdateAction.m */,
				F92F43060E2E8DAE0049713E /* KSUpdateCheckAction.h */,
				F92F43070E2E8DAE0049713E /* KSUpdateCheckAction.m */,
				F92F43080E2E8DAE0049713E /* KSUpdateInfo.h */,
				F92F43090E2E8DAE0049713E /* KSUpdateInfo.m */,
			);
			path = Framework;
			sourceTree = "<group>";
		};
		F92F430A0E2E8DAE0049713E /* Shared */ = {
			isa = PBXGroup;
			children = (
				F92F430B0E2E8DAE0049713E /* GMLog.h */,
				F92F430C0E2E8DAE0049713E /* GMLogger.h */,
				F92F430D0E2E8DAE0049713E /* GMLogger.m */,
				F92F430E0E2E8DAE0049713E /* GMLogRemap.h */,
			);
			path = Shared;
			sourceTree = "<group>";
		};
		F954BEC10E2D51FD00E776EB /* GTM */ = {
			isa = PBXGroup;
			children = (
				F954BEC80E2D525000E776EB /* GTMDefines.h */,
				F954BEC20E2D525000E776EB /* DebugUtils */,
				F954BF040E2D525800E776EB /* Foundation */,
				F954BEC90E2D525000E776EB /* XcodeConfig */,
			);
			name = GTM;
			sourceTree = "<group>";
		};
		F954BEC20E2D525000E776EB /* DebugUtils */ = {
			isa = PBXGroup;
			children = (
				F954BEC30E2D525000E776EB /* GTMDebugSelectorValidation.h */,
				F954BEC50E2D525000E776EB /* GTMMethodCheck.h */,
				F954BEC60E2D525000E776EB /* GTMMethodCheck.m */,
			);
			name = DebugUtils;
			path = externals/GTM/DebugUtils;
			sourceTree = "<group>";
		};
		F954BEC90E2D525000E776EB /* XcodeConfig */ = {
			isa = PBXGroup;
			children = (
				F954BECA0E2D525000E776EB /* Project */,
				F954BED10E2D525000E776EB /* subconfig */,
				F954BEDD0E2D525000E776EB /* Target */,
				F954BEE60E2D525000E776EB /* xcconfigs-readme.txt */,
			);
			name = XcodeConfig;
			path = externals/GTM/XcodeConfig;
			sourceTree = "<group>";
		};
		F954BECA0E2D525000E776EB /* Project */ = {
			isa = PBXGroup;
			children = (
				F954BECB0E2D525000E776EB /* DebugiPhone.xcconfig */,
				F954BECC0E2D525000E776EB /* DebugLeopardOrLater.xcconfig */,
				F954BECD0E2D525000E776EB /* DebugTigerOrLater.xcconfig */,
				F954BECE0E2D525000E776EB /* ReleaseiPhone.xcconfig */,
				F954BECF0E2D525000E776EB /* ReleaseLeopardOrLater.xcconfig */,
				F954BED00E2D525000E776EB /* ReleaseTigerOrLater.xcconfig */,
			);
			path = Project;
			sourceTree = "<group>";
		};
		F954BED10E2D525000E776EB /* subconfig */ = {
			isa = PBXGroup;
			children = (
				F954BED20E2D525000E776EB /* 64bit.xcconfig */,
				F954BED30E2D525000E776EB /* CodeCoverage.xcconfig */,
				F954BED40E2D525000E776EB /* CodeCoverageStatic.xcconfig */,
				F954BED50E2D525000E776EB /* Debug.xcconfig */,
				F954BED60E2D525000E776EB /* GCSupported.xcconfig */,
				F954BED70E2D525000E776EB /* General.xcconfig */,
				F954BED80E2D525000E776EB /* iPhone.xcconfig */,
				F954BED90E2D525000E776EB /* LeopardOrLater.xcconfig */,
				F954BEDA0E2D525000E776EB /* Release.xcconfig */,
				F954BEDB0E2D525000E776EB /* TigerOrLater.xcconfig */,
				F954BEDC0E2D525000E776EB /* Unittest.xcconfig */,
			);
			path = subconfig;
			sourceTree = "<group>";
		};
		F954BEDD0E2D525000E776EB /* Target */ = {
			isa = PBXGroup;
			children = (
				F954BEDE0E2D525000E776EB /* DebugUnittest.xcconfig */,
				F954BEDF0E2D525000E776EB /* LoadableBundle.xcconfig */,
				F954BEE00E2D525000E776EB /* LoadableBundleGCSupported.xcconfig */,
				F954BEE10E2D525000E776EB /* ReleaseUnittest.xcconfig */,
				F954BEE20E2D525000E776EB /* SharedLibrary.xcconfig */,
				F954BEE30E2D525000E776EB /* SharedLibraryGCSupported.xcconfig */,
				F954BEE40E2D525000E776EB /* StaticLibrary.xcconfig */,
				F954BEE50E2D525000E776EB /* StaticLibraryGCSupported.xcconfig */,
			);
			path = Target;
			sourceTree = "<group>";
		};
		F954BF040E2D525800E776EB /* Foundation */ = {
			isa = PBXGroup;
			children = (
				F9DEA5EC0E2F069000060106 /* GTMObjC2Runtime.h */,
				F9DEA5ED0E2F069000060106 /* GTMObjC2Runtime.m */,
				F954BF050E2D52AE00E776EB /* GTMBase64.h */,
				F954BF060E2D52AE00E776EB /* GTMBase64.m */,
				F954BF070E2D52AE00E776EB /* GTMGarbageCollection.h */,
				F954BF080E2D52AE00E776EB /* GTMHTTPFetcher.h */,
				F954BF090E2D52AE00E776EB /* GTMHTTPFetcher.m */,
				F954BF0A0E2D52AE00E776EB /* GTMNSString+FindFolder.h */,
				F954BF0B0E2D52AE00E776EB /* GTMNSString+FindFolder.m */,
				F954BF0C0E2D52AE00E776EB /* GTMPath.h */,
				F954BF0D0E2D52AE00E776EB /* GTMPath.m */,
				F954BFAA0E2D570E00E776EB /* GTMScriptRunner.h */,
				F954BFAB0E2D570E00E776EB /* GTMScriptRunner.m */,
			);
			name = Foundation;
			path = externals/GTM/Foundation;
			sourceTree = "<group>";
		};
		F954C0C90E2D6C6400E776EB /* KeystoneExtensions */ = {
			isa = PBXGroup;
			children = (
				F92468FB0E316468004ADF93 /* Signer.h */,
				F92468FC0E316468004ADF93 /* Signer.m */,
				F92468FE0E316468004ADF93 /* SignerTest.m */,
				F9246AAE0E31A5DC004ADF93 /* PlistSigner.h */,
				F9246AAF0E31A5DC004ADF93 /* PlistSigner.m */,
				F9246AB10E31A681004ADF93 /* PlistSignerTest.m */,
				F954C0CA0E2D6C6400E776EB /* SignedPlistServer.h */,
				F954C0CB0E2D6C6400E776EB /* SignedPlistServer.m */,
				F92469A70E316B5A004ADF93 /* SignedPlistServerTest.m */,
				F954C0CC0E2D6C6400E776EB /* KeystoneDelegate.h */,
				F954C0CD0E2D6C6400E776EB /* KeystoneDelegate.m */,
				F9246CA00E3260B9004ADF93 /* KeystoneDelegateTest.m */,
				F9DEA5950E2F02E200060106 /* UpdatePrinter.h */,
				F9DEA5960E2F02E200060106 /* UpdatePrinter.m */,
				F9246CA50E3261CB004ADF93 /* UpdatePrinterTest.m */,
				F954C0CE0E2D6C6400E776EB /* ksurl-main.m */,
			);
			path = KeystoneExtensions;
			sourceTree = "<group>";
		};
/* End PBXGroup section */

/* Begin PBXNativeTarget section */
		8DD76F960486AA7600D96B5E /* autoinstaller */ = {
			isa = PBXNativeTarget;
			buildConfigurationList = 1DEB927408733DD40010E9CD /* Build configuration list for PBXNativeTarget "autoinstaller" */;
			buildPhases = (
				8DD76F990486AA7600D96B5E /* Sources */,
				8DD76F9B0486AA7600D96B5E /* Frameworks */,
				8DD76F9E0486AA7600D96B5E /* CopyFiles */,
			);
			buildRules = (
			);
			dependencies = (
				F9217AA70E258C63007CB1A3 /* PBXTargetDependency */,
			);
			name = autoinstaller;
			productInstallPath = "$(HOME)/bin";
			productName = autoinstaller;
			productReference = 8DD76FA10486AA7600D96B5E /* autoinstaller */;
			productType = "com.apple.product-type.tool";
		};
		F9217A900E258B72007CB1A3 /* Keystone */ = {
			isa = PBXNativeTarget;
			buildConfigurationList = F9217A950E258B73007CB1A3 /* Build configuration list for PBXNativeTarget "Keystone" */;
			buildPhases = (
				F9217A8D0E258B72007CB1A3 /* Resources */,
				F9217A8E0E258B72007CB1A3 /* Sources */,
				F9217A8F0E258B72007CB1A3 /* Frameworks */,
			);
			buildRules = (
			);
			dependencies = (
				F9217E6B0E258F05007CB1A3 /* PBXTargetDependency */,
			);
			name = Keystone;
			productName = Keystone;
			productReference = F9217A910E258B72007CB1A3 /* Keystone.framework */;
			productType = "com.apple.product-type.framework";
		};
		F9217E640E258EDE007CB1A3 /* ksurl */ = {
			isa = PBXNativeTarget;
			buildConfigurationList = F9217E700E258F22007CB1A3 /* Build configuration list for PBXNativeTarget "ksurl" */;
			buildPhases = (
				F9217E620E258EDE007CB1A3 /* Sources */,
				F9217E630E258EDE007CB1A3 /* Frameworks */,
			);
			buildRules = (
			);
			dependencies = (
			);
			name = ksurl;
			productName = ksurl;
			productReference = F9217E650E258EDE007CB1A3 /* ksurl */;
			productType = "com.apple.product-type.tool";
		};
		F92468F00E3163D1004ADF93 /* Extensions Tests */ = {
			isa = PBXNativeTarget;
			buildConfigurationList = F92468F50E3163D2004ADF93 /* Build configuration list for PBXNativeTarget "Extensions Tests" */;
			buildPhases = (
				F92468EC0E3163D1004ADF93 /* Resources */,
				F92468ED0E3163D1004ADF93 /* Sources */,
				F92468EE0E3163D1004ADF93 /* Frameworks */,
				F92468EF0E3163D1004ADF93 /* ShellScript */,
			);
			buildRules = (
			);
			dependencies = (
				F92469010E3164B2004ADF93 /* PBXTargetDependency */,
			);
			name = "Extensions Tests";
			productName = "Extensions Tests";
			productReference = F92468F10E3163D1004ADF93 /* Extensions Tests.octest */;
			productType = "com.apple.product-type.bundle";
		};
		F9246A1F0E3199F9004ADF93 /* plist_signer */ = {
			isa = PBXNativeTarget;
			buildConfigurationList = F9246A240E319A18004ADF93 /* Build configuration list for PBXNativeTarget "plist_signer" */;
			buildPhases = (
				F9246A1D0E3199F9004ADF93 /* Sources */,
				F9246A1E0E3199F9004ADF93 /* Frameworks */,
			);
			buildRules = (
			);
			dependencies = (
			);
			name = plist_signer;
			productName = rule_signer;
			productReference = F9246A200E3199F9004ADF93 /* plist_signer */;
			productType = "com.apple.product-type.tool";
		};
		F96C9D7F0E26AA9100BE4C10 /* MacFUSEAutoinstaller */ = {
			isa = PBXNativeTarget;
			buildConfigurationList = F96C9D840E26AA9200BE4C10 /* Build configuration list for PBXNativeTarget "MacFUSEAutoinstaller" */;
			buildPhases = (
				F96C9D7C0E26AA9100BE4C10 /* Resources */,
				F96C9D7D0E26AA9100BE4C10 /* Sources */,
				F96C9D7E0E26AA9100BE4C10 /* Frameworks */,
				F96C9D9A0E26AB4400BE4C10 /* Copy Frameworks */,
				F96C9D9B0E26AB4400BE4C10 /* Copy Executables */,
			);
			buildRules = (
			);
			dependencies = (
				F96C9D8F0E26AB1700BE4C10 /* PBXTargetDependency */,
				F96C9D870E26AAF500BE4C10 /* PBXTargetDependency */,
			);
			name = MacFUSEAutoinstaller;
			productName = MacFUSEAutoinstaller;
			productReference = F96C9D800E26AA9100BE4C10 /* MacFUSEAutoinstaller.bundle */;
			productType = "com.apple.product-type.bundle";
		};
/* End PBXNativeTarget section */

/* Begin PBXProject section */
		08FB7793FE84155DC02AAC07 /* Project object */ = {
			isa = PBXProject;
			buildConfigurationList = 1DEB927808733DD40010E9CD /* Build configuration list for PBXProject "autoinstaller" */;
			compatibilityVersion = "Xcode 3.1";
			hasScannedForEncodings = 1;
			mainGroup = 08FB7794FE84155DC02AAC07 /* autoinstaller */;
			projectDirPath = "";
			projectRoot = "";
			targets = (
				F9246C460E31BEFE004ADF93 /* Build All */,
				F9217E640E258EDE007CB1A3 /* ksurl */,
				F9217A900E258B72007CB1A3 /* Keystone */,
				8DD76F960486AA7600D96B5E /* autoinstaller */,
				F96C9D7F0E26AA9100BE4C10 /* MacFUSEAutoinstaller */,
				F92468F00E3163D1004ADF93 /* Extensions Tests */,
				F9246A1F0E3199F9004ADF93 /* plist_signer */,
			);
		};
/* End PBXProject section */

/* Begin PBXResourcesBuildPhase section */
		F9217A8D0E258B72007CB1A3 /* Resources */ = {
			isa = PBXResourcesBuildPhase;
			buildActionMask = 2147483647;
			files = (
				F9217E6D0E258F14007CB1A3 /* ksurl in Resources */,
			);
			runOnlyForDeploymentPostprocessing = 0;
		};
		F92468EC0E3163D1004ADF93 /* Resources */ = {
			isa = PBXResourcesBuildPhase;
			buildActionMask = 2147483647;
			files = (
			);
			runOnlyForDeploymentPostprocessing = 0;
		};
		F96C9D7C0E26AA9100BE4C10 /* Resources */ = {
			isa = PBXResourcesBuildPhase;
			buildActionMask = 2147483647;
			files = (
			);
			runOnlyForDeploymentPostprocessing = 0;
		};
/* End PBXResourcesBuildPhase section */

/* Begin PBXShellScriptBuildPhase section */
		F92468EF0E3163D1004ADF93 /* ShellScript */ = {
			isa = PBXShellScriptBuildPhase;
			buildActionMask = 2147483647;
			files = (
			);
			inputPaths = (
			);
			outputPaths = (
			);
			runOnlyForDeploymentPostprocessing = 0;
			shellPath = /bin/sh;
			shellScript = "# Run the unit tests in this test bundle.\n\"${SYSTEM_DEVELOPER_DIR}/Tools/RunUnitTests\"\n";
		};
/* End PBXShellScriptBuildPhase section */

/* Begin PBXSourcesBuildPhase section */
		8DD76F990486AA7600D96B5E /* Sources */ = {
			isa = PBXSourcesBuildPhase;
			buildActionMask = 2147483647;
			files = (
				8DD76F9A0486AA7600D96B5E /* main.m in Sources */,
			);
			runOnlyForDeploymentPostprocessing = 0;
		};
		F9217A8E0E258B72007CB1A3 /* Sources */ = {
			isa = PBXSourcesBuildPhase;
			buildActionMask = 2147483647;
			files = (
				F954BEE80E2D525000E776EB /* GTMMethodCheck.m in Sources */,
				F954BF0E0E2D52AE00E776EB /* GTMBase64.m in Sources */,
				F954BF0F0E2D52AE00E776EB /* GTMHTTPFetcher.m in Sources */,
				F954BF100E2D52AE00E776EB /* GTMNSString+FindFolder.m in Sources */,
				F954BF110E2D52AE00E776EB /* GTMPath.m in Sources */,
				F954BFAC0E2D570E00E776EB /* GTMScriptRunner.m in Sources */,
				F954C0D20E2D6C7200E776EB /* SignedPlistServer.m in Sources */,
				F954C0D30E2D6C7700E776EB /* KeystoneDelegate.m in Sources */,
				F92F430F0E2E8DAE0049713E /* KSDiskImage.m in Sources */,
				F92F43100E2E8DAE0049713E /* KSStatsCollection.m in Sources */,
				F92F43110E2E8DAE0049713E /* KSUUID.m in Sources */,
				F92F43120E2E8DAE0049713E /* NSData+Hash.m in Sources */,
				F92F43130E2E8DAE0049713E /* KSAction.m in Sources */,
				F92F43140E2E8DAE0049713E /* KSActionPipe.m in Sources */,
				F92F43150E2E8DAE0049713E /* KSActionProcessor.m in Sources */,
				F92F43160E2E8DAE0049713E /* KSCheckAction.m in Sources */,
				F92F43170E2E8DAE0049713E /* KSCommandRunner.m in Sources */,
				F92F43180E2E8DAE0049713E /* KSCompositeAction.m in Sources */,
				F92F43190E2E8DAE0049713E /* KSDownloadAction.m in Sources */,
				F92F431A0E2E8DAE0049713E /* KSExistenceChecker.m in Sources */,
				F92F431B0E2E8DAE0049713E /* KSFetcherFactory.m in Sources */,
				F92F431C0E2E8DAE0049713E /* KSFrameworkStats.m in Sources */,
				F92F431D0E2E8DAE0049713E /* KSInstallAction.m in Sources */,
				F92F431E0E2E8DAE0049713E /* KSKeystone.m in Sources */,
				F92F431F0E2E8DAE0049713E /* KSKeystoneBroker.m in Sources */,
				F92F43200E2E8DAE0049713E /* KSKeystoneVendor.m in Sources */,
				F92F43210E2E8DAE0049713E /* KSMemoryTicketStore.m in Sources */,
				F92F43220E2E8DAE0049713E /* KSMockFetcherFactory.m in Sources */,
				F92F43230E2E8DAE0049713E /* KSMultiAction.m in Sources */,
				F92F43240E2E8DAE0049713E /* KSMultiUpdateAction.m in Sources */,
				F92F43250E2E8DAE0049713E /* KSPlistServer.m in Sources */,
				F92F43260E2E8DAE0049713E /* KSPrefetchAction.m in Sources */,
				F92F43270E2E8DAE0049713E /* KSPromptAction.m in Sources */,
				F92F43280E2E8DAE0049713E /* KSServer.m in Sources */,
				F92F43290E2E8DAE0049713E /* KSSilentUpdateAction.m in Sources */,
				F92F432A0E2E8DAE0049713E /* KSTicket.m in Sources */,
				F92F432B0E2E8DAE0049713E /* KSTicketStore.m in Sources */,
				F92F432C0E2E8DAE0049713E /* KSUpdateAction.m in Sources */,
				F92F432D0E2E8DAE0049713E /* KSUpdateCheckAction.m in Sources */,
				F92F432E0E2E8DAE0049713E /* KSUpdateInfo.m in Sources */,
				F92F432F0E2E8DAE0049713E /* GMLogger.m in Sources */,
				F9DEA5C40E2F04FC00060106 /* UpdatePrinter.m in Sources */,
				F9DEA5EE0E2F069000060106 /* GTMObjC2Runtime.m in Sources */,
				F92469080E3164D4004ADF93 /* Signer.m in Sources */,
				F9246AB40E31A855004ADF93 /* PlistSigner.m in Sources */,
			);
			runOnlyForDeploymentPostprocessing = 0;
		};
		F9217E620E258EDE007CB1A3 /* Sources */ = {
			isa = PBXSourcesBuildPhase;
			buildActionMask = 2147483647;
			files = (
				F954C0D40E2D6C7C00E776EB /* ksurl-main.m in Sources */,
			);
			runOnlyForDeploymentPostprocessing = 0;
		};
		F92468ED0E3163D1004ADF93 /* Sources */ = {
			isa = PBXSourcesBuildPhase;
			buildActionMask = 2147483647;
			files = (
				F92468FF0E3164AA004ADF93 /* SignerTest.m in Sources */,
				F92469A80E316B5A004ADF93 /* SignedPlistServerTest.m in Sources */,
				F9246AB70E31A861004ADF93 /* PlistSignerTest.m in Sources */,
				F9246CA10E3260B9004ADF93 /* KeystoneDelegateTest.m in Sources */,
				F9246CA60E3261CB004ADF93 /* UpdatePrinterTest.m in Sources */,
			);
			runOnlyForDeploymentPostprocessing = 0;
		};
		F9246A1D0E3199F9004ADF93 /* Sources */ = {
			isa = PBXSourcesBuildPhase;
			buildActionMask = 2147483647;
			files = (
				F9246A5D0E319CE3004ADF93 /* plist_signer.m in Sources */,
				F9246A730E319DF4004ADF93 /* Signer.m in Sources */,
				F9246AB50E31A856004ADF93 /* PlistSigner.m in Sources */,
			);
			runOnlyForDeploymentPostprocessing = 0;
		};
		F96C9D7D0E26AA9100BE4C10 /* Sources */ = {
			isa = PBXSourcesBuildPhase;
			buildActionMask = 2147483647;
			files = (
			);
			runOnlyForDeploymentPostprocessing = 0;
		};
/* End PBXSourcesBuildPhase section */

/* Begin PBXTargetDependency section */
		F9217AA70E258C63007CB1A3 /* PBXTargetDependency */ = {
			isa = PBXTargetDependency;
			target = F9217A900E258B72007CB1A3 /* Keystone */;
			targetProxy = F9217AA60E258C63007CB1A3 /* PBXContainerItemProxy */;
		};
		F9217E6B0E258F05007CB1A3 /* PBXTargetDependency */ = {
			isa = PBXTargetDependency;
			target = F9217E640E258EDE007CB1A3 /* ksurl */;
			targetProxy = F9217E6A0E258F05007CB1A3 /* PBXContainerItemProxy */;
		};
		F92469010E3164B2004ADF93 /* PBXTargetDependency */ = {
			isa = PBXTargetDependency;
			target = F9217A900E258B72007CB1A3 /* Keystone */;
			targetProxy = F92469000E3164B2004ADF93 /* PBXContainerItemProxy */;
		};
		F9246C4A0E31BF08004ADF93 /* PBXTargetDependency */ = {
			isa = PBXTargetDependency;
			target = F9217E640E258EDE007CB1A3 /* ksurl */;
			targetProxy = F9246C490E31BF08004ADF93 /* PBXContainerItemProxy */;
		};
		F9246C4C0E31BF0A004ADF93 /* PBXTargetDependency */ = {
			isa = PBXTargetDependency;
			target = F9217A900E258B72007CB1A3 /* Keystone */;
			targetProxy = F9246C4B0E31BF0A004ADF93 /* PBXContainerItemProxy */;
		};
		F9246C4E0E31BF0C004ADF93 /* PBXTargetDependency */ = {
			isa = PBXTargetDependency;
			target = 8DD76F960486AA7600D96B5E /* autoinstaller */;
			targetProxy = F9246C4D0E31BF0C004ADF93 /* PBXContainerItemProxy */;
		};
		F9246C500E31BF0E004ADF93 /* PBXTargetDependency */ = {
			isa = PBXTargetDependency;
			target = F96C9D7F0E26AA9100BE4C10 /* MacFUSEAutoinstaller */;
			targetProxy = F9246C4F0E31BF0E004ADF93 /* PBXContainerItemProxy */;
		};
		F9246C520E31BF11004ADF93 /* PBXTargetDependency */ = {
			isa = PBXTargetDependency;
			target = F9246A1F0E3199F9004ADF93 /* plist_signer */;
			targetProxy = F9246C510E31BF11004ADF93 /* PBXContainerItemProxy */;
		};
		F9246C600E31BF61004ADF93 /* PBXTargetDependency */ = {
			isa = PBXTargetDependency;
			target = F92468F00E3163D1004ADF93 /* Extensions Tests */;
			targetProxy = F9246C5F0E31BF61004ADF93 /* PBXContainerItemProxy */;
		};
		F96C9D870E26AAF500BE4C10 /* PBXTargetDependency */ = {
			isa = PBXTargetDependency;
			target = F9217A900E258B72007CB1A3 /* Keystone */;
			targetProxy = F96C9D860E26AAF500BE4C10 /* PBXContainerItemProxy */;
		};
		F96C9D8F0E26AB1700BE4C10 /* PBXTargetDependency */ = {
			isa = PBXTargetDependency;
			target = 8DD76F960486AA7600D96B5E /* autoinstaller */;
			targetProxy = F96C9D8E0E26AB1700BE4C10 /* PBXContainerItemProxy */;
		};
/* End PBXTargetDependency section */

/* Begin XCBuildConfiguration section */
		1DEB927508733DD40010E9CD /* Debug */ = {
			isa = XCBuildConfiguration;
			buildSettings = {
				ALWAYS_SEARCH_USER_PATHS = NO;
				COPY_PHASE_STRIP = NO;
				FRAMEWORK_SEARCH_PATHS = (
					"$(inherited)",
					"\"$(SRCROOT)/Keystone/GTM/build/LeopardOrLater-Debug\"",
					"\"$(SRCROOT)/Keystone/GTM/build/TigerOrLater-Debug\"",
					"\"$(SRCROOT)/Keystone/GTM/build/TigerOrLater-Debug-gcov\"",
				);
				GCC_DYNAMIC_NO_PIC = NO;
				GCC_ENABLE_FIX_AND_CONTINUE = YES;
				GCC_MODEL_TUNING = G5;
				GCC_OPTIMIZATION_LEVEL = 0;
				GCC_PRECOMPILE_PREFIX_HEADER = YES;
				GCC_PREFIX_HEADER = autoinstaller_Prefix.pch;
				INSTALL_PATH = /usr/local/bin;
				LIBRARY_SEARCH_PATHS = (
					"$(inherited)",
					"\"$(SRCROOT)/Keystone/GTM/build/GTM.build/LeopardOrLater-Debug/GTM.build/Objects-normal/i386\"",
					"\"$(SRCROOT)/Keystone/GTM/build/GTM.build/LeopardOrLater-Debug/GTM.build/Objects-normal/ppc\"",
					"\"$(SRCROOT)/Keystone/GTM/build/GTM.build/LeopardOrLater-Debug/GTM.build/Objects-normal/ppc64\"",
					"\"$(SRCROOT)/Keystone/GTM/build/GTM.build/LeopardOrLater-Debug/GTM.build/Objects-normal/x86_64\"",
					"\"$(SRCROOT)/Keystone/GTM/build/GTM.build/TigerOrLater-Debug/GTM.build/Objects-normal/i386\"",
					"\"$(SRCROOT)/Keystone/GTM/build/GTM.build/TigerOrLater-Debug/GTM.build/Objects-normal/ppc\"",
					"\"$(SRCROOT)/Keystone/GTM/build/GTM.build/TigerOrLater-Debug-gcov/GTM.build/Objects-normal/i386\"",
					"\"$(SRCROOT)/Keystone/GTM/build/GTM.build/TigerOrLater-Debug-gcov/GTM.build/Objects-normal/ppc\"",
					"\"$(SRCROOT)/Keystone/GTM/TigerGcov\"",
					"\"$(SRCROOT)/externals/GTM/TigerGcov\"",
				);
				PRODUCT_NAME = autoinstaller;
			};
			name = Debug;
		};
		1DEB927608733DD40010E9CD /* Release */ = {
			isa = XCBuildConfiguration;
			buildSettings = {
				ALWAYS_SEARCH_USER_PATHS = NO;
				DEBUG_INFORMATION_FORMAT = "dwarf-with-dsym";
				FRAMEWORK_SEARCH_PATHS = (
					"$(inherited)",
					"\"$(SRCROOT)/Keystone/GTM/build/LeopardOrLater-Debug\"",
					"\"$(SRCROOT)/Keystone/GTM/build/TigerOrLater-Debug\"",
					"\"$(SRCROOT)/Keystone/GTM/build/TigerOrLater-Debug-gcov\"",
				);
				GCC_MODEL_TUNING = G5;
				GCC_PRECOMPILE_PREFIX_HEADER = YES;
				GCC_PREFIX_HEADER = autoinstaller_Prefix.pch;
				INSTALL_PATH = /usr/local/bin;
				LIBRARY_SEARCH_PATHS = (
					"$(inherited)",
					"\"$(SRCROOT)/Keystone/GTM/build/GTM.build/LeopardOrLater-Debug/GTM.build/Objects-normal/i386\"",
					"\"$(SRCROOT)/Keystone/GTM/build/GTM.build/LeopardOrLater-Debug/GTM.build/Objects-normal/ppc\"",
					"\"$(SRCROOT)/Keystone/GTM/build/GTM.build/LeopardOrLater-Debug/GTM.build/Objects-normal/ppc64\"",
					"\"$(SRCROOT)/Keystone/GTM/build/GTM.build/LeopardOrLater-Debug/GTM.build/Objects-normal/x86_64\"",
					"\"$(SRCROOT)/Keystone/GTM/build/GTM.build/TigerOrLater-Debug/GTM.build/Objects-normal/i386\"",
					"\"$(SRCROOT)/Keystone/GTM/build/GTM.build/TigerOrLater-Debug/GTM.build/Objects-normal/ppc\"",
					"\"$(SRCROOT)/Keystone/GTM/build/GTM.build/TigerOrLater-Debug-gcov/GTM.build/Objects-normal/i386\"",
					"\"$(SRCROOT)/Keystone/GTM/build/GTM.build/TigerOrLater-Debug-gcov/GTM.build/Objects-normal/ppc\"",
					"\"$(SRCROOT)/Keystone/GTM/TigerGcov\"",
					"\"$(SRCROOT)/externals/GTM/TigerGcov\"",
				);
				PRODUCT_NAME = autoinstaller;
			};
			name = Release;
		};
		1DEB927908733DD40010E9CD /* Debug */ = {
			isa = XCBuildConfiguration;
			baseConfigurationReference = F954BECD0E2D525000E776EB /* DebugTigerOrLater.xcconfig */;
			buildSettings = {
				COPY_PHASE_STRIP = NO;
			};
			name = Debug;
		};
		1DEB927A08733DD40010E9CD /* Release */ = {
			isa = XCBuildConfiguration;
			baseConfigurationReference = F954BED00E2D525000E776EB /* ReleaseTigerOrLater.xcconfig */;
			buildSettings = {
			};
			name = Release;
		};
		F9217A930E258B73007CB1A3 /* Debug */ = {
			isa = XCBuildConfiguration;
			baseConfigurationReference = F954BEE20E2D525000E776EB /* SharedLibrary.xcconfig */;
			buildSettings = {
				COPY_PHASE_STRIP = NO;
				FRAMEWORK_VERSION = A;
				GCC_PREFIX_HEADER = "$(PROJECT_NAME)_Prefix.pch";
				INFOPLIST_FILE = "Resources/Keystone-Info.plist";
				LD_DYLIB_INSTALL_NAME = "@executable_path/../Frameworks/$(EXECUTABLE_PATH)";
				OTHER_LDFLAGS = "-lcrypto";
				PRODUCT_NAME = Keystone;
			};
			name = Debug;
		};
		F9217A940E258B73007CB1A3 /* Release */ = {
			isa = XCBuildConfiguration;
			baseConfigurationReference = F954BEE20E2D525000E776EB /* SharedLibrary.xcconfig */;
			buildSettings = {
				COPY_PHASE_STRIP = NO;
				FRAMEWORK_VERSION = A;
				GCC_PREFIX_HEADER = "$(PROJECT_NAME)_Prefix.pch";
				INFOPLIST_FILE = "Resources/Keystone-Info.plist";
				LD_DYLIB_INSTALL_NAME = "@executable_path/../Frameworks/$(EXECUTABLE_PATH)";
				OTHER_LDFLAGS = "-lcrypto";
				PRODUCT_NAME = Keystone;
			};
			name = Release;
		};
		F9217E670E258EDE007CB1A3 /* Debug */ = {
			isa = XCBuildConfiguration;
			buildSettings = {
				PRODUCT_NAME = ksurl;
			};
			name = Debug;
		};
		F9217E680E258EDE007CB1A3 /* Release */ = {
			isa = XCBuildConfiguration;
			buildSettings = {
				PRODUCT_NAME = ksurl;
			};
			name = Release;
		};
		F92468F30E3163D2004ADF93 /* Debug */ = {
			isa = XCBuildConfiguration;
			baseConfigurationReference = F954BEDC0E2D525000E776EB /* Unittest.xcconfig */;
			buildSettings = {
				COPY_PHASE_STRIP = NO;
				INFOPLIST_FILE = "Resources/Extensions Tests-Info.plist";
				OTHER_LDFLAGS = (
					"-framework",
					SenTestingKit,
				);
				PRODUCT_NAME = "Extensions Tests";
				SEPARATE_STRIP = NO;
				WRAPPER_EXTENSION = octest;
			};
			name = Debug;
		};
		F92468F40E3163D2004ADF93 /* Release */ = {
			isa = XCBuildConfiguration;
			baseConfigurationReference = F954BEDC0E2D525000E776EB /* Unittest.xcconfig */;
			buildSettings = {
				COPY_PHASE_STRIP = NO;
				INFOPLIST_FILE = "Resources/Extensions Tests-Info.plist";
				OTHER_LDFLAGS = (
					"-framework",
					SenTestingKit,
				);
				PRODUCT_NAME = "Extensions Tests";
				SEPARATE_STRIP = NO;
				WRAPPER_EXTENSION = octest;
			};
			name = Release;
		};
		F9246A220E3199FA004ADF93 /* Debug */ = {
			isa = XCBuildConfiguration;
			buildSettings = {
				OTHER_LDFLAGS = "-lcrypto";
				PRODUCT_NAME = plist_signer;
			};
			name = Debug;
		};
		F9246A230E3199FA004ADF93 /* Release */ = {
			isa = XCBuildConfiguration;
			buildSettings = {
				OTHER_LDFLAGS = "-lcrypto";
				PRODUCT_NAME = plist_signer;
			};
			name = Release;
		};
		F9246C470E31BEFE004ADF93 /* Debug */ = {
			isa = XCBuildConfiguration;
			buildSettings = {
				COPY_PHASE_STRIP = NO;
				GCC_DYNAMIC_NO_PIC = NO;
				GCC_OPTIMIZATION_LEVEL = 0;
				PRODUCT_NAME = "Build All";
			};
			name = Debug;
		};
		F9246C480E31BEFE004ADF93 /* Release */ = {
			isa = XCBuildConfiguration;
			buildSettings = {
				COPY_PHASE_STRIP = YES;
				DEBUG_INFORMATION_FORMAT = "dwarf-with-dsym";
				GCC_ENABLE_FIX_AND_CONTINUE = NO;
				PRODUCT_NAME = "Build All";
				ZERO_LINK = NO;
			};
			name = Release;
		};
		F96C9D820E26AA9200BE4C10 /* Debug */ = {
			isa = XCBuildConfiguration;
			buildSettings = {
				INFOPLIST_FILE = "Resources/MacFUSEAutoinstaller-Info.plist";
				PRODUCT_NAME = MacFUSEAutoinstaller;
				WRAPPER_EXTENSION = bundle;
			};
			name = Debug;
		};
		F96C9D830E26AA9200BE4C10 /* Release */ = {
			isa = XCBuildConfiguration;
			buildSettings = {
				INFOPLIST_FILE = "Resources/MacFUSEAutoinstaller-Info.plist";
				PRODUCT_NAME = MacFUSEAutoinstaller;
				WRAPPER_EXTENSION = bundle;
			};
			name = Release;
		};
/* End XCBuildConfiguration section */

/* Begin XCConfigurationList section */
		1DEB927408733DD40010E9CD /* Build configuration list for PBXNativeTarget "autoinstaller" */ = {
			isa = XCConfigurationList;
			buildConfigurations = (
				1DEB927508733DD40010E9CD /* Debug */,
				1DEB927608733DD40010E9CD /* Release */,
			);
			defaultConfigurationIsVisible = 0;
			defaultConfigurationName = Release;
		};
		1DEB927808733DD40010E9CD /* Build configuration list for PBXProject "autoinstaller" */ = {
			isa = XCConfigurationList;
			buildConfigurations = (
				1DEB927908733DD40010E9CD /* Debug */,
				1DEB927A08733DD40010E9CD /* Release */,
			);
			defaultConfigurationIsVisible = 0;
			defaultConfigurationName = Release;
		};
		F9217A950E258B73007CB1A3 /* Build configuration list for PBXNativeTarget "Keystone" */ = {
			isa = XCConfigurationList;
			buildConfigurations = (
				F9217A930E258B73007CB1A3 /* Debug */,
				F9217A940E258B73007CB1A3 /* Release */,
			);
			defaultConfigurationIsVisible = 0;
			defaultConfigurationName = Release;
		};
		F9217E700E258F22007CB1A3 /* Build configuration list for PBXNativeTarget "ksurl" */ = {
			isa = XCConfigurationList;
			buildConfigurations = (
				F9217E670E258EDE007CB1A3 /* Debug */,
				F9217E680E258EDE007CB1A3 /* Release */,
			);
			defaultConfigurationIsVisible = 0;
			defaultConfigurationName = Release;
		};
		F92468F50E3163D2004ADF93 /* Build configuration list for PBXNativeTarget "Extensions Tests" */ = {
			isa = XCConfigurationList;
			buildConfigurations = (
				F92468F30E3163D2004ADF93 /* Debug */,
				F92468F40E3163D2004ADF93 /* Release */,
			);
			defaultConfigurationIsVisible = 0;
			defaultConfigurationName = Release;
		};
		F9246A240E319A18004ADF93 /* Build configuration list for PBXNativeTarget "plist_signer" */ = {
			isa = XCConfigurationList;
			buildConfigurations = (
				F9246A220E3199FA004ADF93 /* Debug */,
				F9246A230E3199FA004ADF93 /* Release */,
			);
			defaultConfigurationIsVisible = 0;
			defaultConfigurationName = Release;
		};
		F9246C560E31BF20004ADF93 /* Build configuration list for PBXAggregateTarget "Build All" */ = {
			isa = XCConfigurationList;
			buildConfigurations = (
				F9246C470E31BEFE004ADF93 /* Debug */,
				F9246C480E31BEFE004ADF93 /* Release */,
			);
			defaultConfigurationIsVisible = 0;
			defaultConfigurationName = Release;
		};
		F96C9D840E26AA9200BE4C10 /* Build configuration list for PBXNativeTarget "MacFUSEAutoinstaller" */ = {
			isa = XCConfigurationList;
			buildConfigurations = (
				F96C9D820E26AA9200BE4C10 /* Debug */,
				F96C9D830E26AA9200BE4C10 /* Release */,
			);
			defaultConfigurationIsVisible = 0;
			defaultConfigurationName = Release;
		};
/* End XCConfigurationList section */
	};
	rootObject = 08FB7793FE84155DC02AAC07 /* Project object */;
}
